
Microsoft Visual Studio Solution File, Format Version 12.00
Project("{FAE04EC0-301F-11D3-BF4B-00C04F79EFBC}") = "DontPanicLabs.Ifx.Services.Contracts", "DontPanicLabs.Ifx.Services.Contracts\DontPanicLabs.Ifx.Services.Contracts.csproj", "{12FE1FF5-C89F-4183-88D4-6D63825BA7D4}"
EndProject
Project("{2150E333-8FDC-42A3-9474-1A3956D46DE8}") = "Assets", "Assets", "{EBA91325-6379-4AFB-B2EB-8E18A3BEFCE1}"
	ProjectSection(SolutionItems) = preProject
		Assets\dpl_logo_128_square.png = Assets\dpl_logo_128_square.png
	EndProjectSection
EndProject
Project("{2150E333-8FDC-42A3-9474-1A3956D46DE8}") = ".github/workflows", ".github/workflows", "{383260DB-CC00-4744-9ACC-C734CFE31B25}"
	ProjectSection(SolutionItems) = preProject
		.github\workflows\ifx_nuget_deploy.yml = .github\workflows\ifx_nuget_deploy.yml
		.github\workflows\dotnet.yml = .github\workflows\dotnet.yml
	EndProjectSection
EndProject
Project("{2150E333-8FDC-42A3-9474-1A3956D46DE8}") = "Configuration", "Configuration", "{E8260938-6BFC-4535-829A-B11BF03EA7C1}"
EndProject
Project("{FAE04EC0-301F-11D3-BF4B-00C04F79EFBC}") = "DontPanicLabs.Ifx.Configuration.Contracts", "DontPanicLabs.Ifx.Configuration.Contracts\DontPanicLabs.Ifx.Configuration.Contracts.csproj", "{4A08EA0E-D068-4EDA-8FF7-B8C013EF71CA}"
EndProject
Project("{2150E333-8FDC-42A3-9474-1A3956D46DE8}") = "Local", "Local", "{C4800D4C-B056-435A-AA34-6BC09D57C335}"
EndProject
Project("{FAE04EC0-301F-11D3-BF4B-00C04F79EFBC}") = "DontPanicLabs.Ifx.Configuration.Local", "DontPanicLabs.Ifx.Configuration.Local\DontPanicLabs.Ifx.Configuration.Local.csproj", "{1926C25F-00EF-4C31-BBBD-8DB202B085D7}"
EndProject
Project("{2150E333-8FDC-42A3-9474-1A3956D46DE8}") = "Tests", "Tests", "{B3CB9573-97EA-4E8A-A50C-EE3D1B2301A8}"
EndProject
Project("{FAE04EC0-301F-11D3-BF4B-00C04F79EFBC}") = "DontPanicLabs.Ifx.Configuration.Local.Tests.AppsettingsFailure", "DontPanicLabs.Ifx.Configuration.Local.Tests.AppsettingsFailure\DontPanicLabs.Ifx.Configuration.Local.Tests.AppsettingsFailure.csproj", "{813D07A4-9D80-4603-9108-BBE46D034B2D}"
EndProject
Project("{2150E333-8FDC-42A3-9474-1A3956D46DE8}") = "Shared", "Shared", "{7B6820FE-6DDC-4ACC-B7A0-151DFFF66496}"
EndProject
Project("{FAE04EC0-301F-11D3-BF4B-00C04F79EFBC}") = "DontPanicLabs.Ifx.Tests.Shared", "DontPanicLabs.Ifx.Tests.Shared\DontPanicLabs.Ifx.Tests.Shared.csproj", "{7ACD6604-1F89-46F2-BED0-8120F96A8623}"
EndProject
Project("{FAE04EC0-301F-11D3-BF4B-00C04F79EFBC}") = "DontPanicLabs.Ifx.Tests.Shared.Tests", "DontPanicLabs.Ifx.Tests.Shared.Tests\DontPanicLabs.Ifx.Tests.Shared.Tests.csproj", "{CA014C3A-27EA-4B2B-A5DA-F274A4F25B87}"
EndProject
Project("{FAE04EC0-301F-11D3-BF4B-00C04F79EFBC}") = "DontPanicLabs.Ifx.Configuration.Local.Tests.AppsettingsSuccess", "DontPanicLabs.Ifx.Configuration.Local.Tests.AppsettingsSuccess\DontPanicLabs.Ifx.Configuration.Local.Tests.AppsettingsSuccess.csproj", "{1F1E597F-132A-4CBD-ACB0-58181A57D8F7}"
EndProject
Project("{FAE04EC0-301F-11D3-BF4B-00C04F79EFBC}") = "DontPanicLabs.Ifx.Configuration.Local.Tests.Debugging", "DontPanicLabs.Ifx.Configuration.Local.Tests.Debugging\DontPanicLabs.Ifx.Configuration.Local.Tests.Debugging.csproj", "{771FF19E-932F-49C8-9AD0-662D3198452E}"
EndProject
Project("{FAE04EC0-301F-11D3-BF4B-00C04F79EFBC}") = "DontPanicLabs.Ifx.Configuration.Local.Tests.EnvVarsSuccess", "DontPanicLabs.Ifx.Configuration.Local.Tests.EnvVarsSuccess\DontPanicLabs.Ifx.Configuration.Local.Tests.EnvVarsSuccess.csproj", "{185054A0-E74A-4C41-B324-59BBA20922E5}"
EndProject
Project("{2150E333-8FDC-42A3-9474-1A3956D46DE8}") = "IoC", "IoC", "{E15A7742-77FF-487C-B939-68463FFCEA9B}"
EndProject
Project("{2150E333-8FDC-42A3-9474-1A3956D46DE8}") = "Proxy", "Proxy", "{2EC16E3E-7A1F-448F-B075-5E8A63172D49}"
EndProject
Project("{FAE04EC0-301F-11D3-BF4B-00C04F79EFBC}") = "DontPanicLabs.Ifx.IoC.Contracts", "DontPanicLabs.Ifx.IoC.Contracts\DontPanicLabs.Ifx.IoC.Contracts.csproj", "{A1A79227-0CD8-4C6F-8A84-B71E5C4C23D8}"
EndProject
Project("{FAE04EC0-301F-11D3-BF4B-00C04F79EFBC}") = "DontPanicLabs.Ifx.Proxy.Contracts", "DontPanicLabs.Ifx.Proxy.Contracts\DontPanicLabs.Ifx.Proxy.Contracts.csproj", "{2E7A0645-9500-4E40-B987-3A17FA747A12}"
EndProject
Project("{FAE04EC0-301F-11D3-BF4B-00C04F79EFBC}") = "DontPanicLabs.Ifx.IoC.Autofac", "DontPanicLabs.Ifx.IoC.Autofac\DontPanicLabs.Ifx.IoC.Autofac.csproj", "{7BE23167-25B9-4824-AD17-82899BF1B64F}"
EndProject
Project("{FAE04EC0-301F-11D3-BF4B-00C04F79EFBC}") = "DontPanicLabs.Ifx.IoC.Dotnet.ServiceCollection", "DontPanicLabs.Ifx.IoC.Dotnet.ServiceCollection\DontPanicLabs.Ifx.IoC.Dotnet.ServiceCollection.csproj", "{027B11F4-7FED-428F-9A07-511D385486F4}"
EndProject
Project("{FAE04EC0-301F-11D3-BF4B-00C04F79EFBC}") = "DontPanicLabs.Ifx.IoC.Tests", "DontPanicLabs.Ifx.IoC.Tests\DontPanicLabs.Ifx.IoC.Tests.csproj", "{510C521E-7825-4CA2-98BA-7A75EFBE8177}"
EndProject
Project("{FAE04EC0-301F-11D3-BF4B-00C04F79EFBC}") = "DontPanicLabs.Ifx.Proxy.Autofac", "DontPanicLabs.Ifx.Proxy.Autofac\DontPanicLabs.Ifx.Proxy.Autofac.csproj", "{46F6EBD3-7038-4E1D-98A1-D0A5F77AC218}"
EndProject
Global
	GlobalSection(SolutionConfigurationPlatforms) = preSolution
		Debug|Any CPU = Debug|Any CPU
		Release|Any CPU = Release|Any CPU
	EndGlobalSection
	GlobalSection(ProjectConfigurationPlatforms) = postSolution
		{12FE1FF5-C89F-4183-88D4-6D63825BA7D4}.Debug|Any CPU.ActiveCfg = Debug|Any CPU
		{12FE1FF5-C89F-4183-88D4-6D63825BA7D4}.Debug|Any CPU.Build.0 = Debug|Any CPU
		{12FE1FF5-C89F-4183-88D4-6D63825BA7D4}.Release|Any CPU.ActiveCfg = Release|Any CPU
		{12FE1FF5-C89F-4183-88D4-6D63825BA7D4}.Release|Any CPU.Build.0 = Release|Any CPU
		{4A08EA0E-D068-4EDA-8FF7-B8C013EF71CA}.Debug|Any CPU.ActiveCfg = Debug|Any CPU
		{4A08EA0E-D068-4EDA-8FF7-B8C013EF71CA}.Debug|Any CPU.Build.0 = Debug|Any CPU
		{4A08EA0E-D068-4EDA-8FF7-B8C013EF71CA}.Release|Any CPU.ActiveCfg = Release|Any CPU
		{4A08EA0E-D068-4EDA-8FF7-B8C013EF71CA}.Release|Any CPU.Build.0 = Release|Any CPU
		{1926C25F-00EF-4C31-BBBD-8DB202B085D7}.Debug|Any CPU.ActiveCfg = Debug|Any CPU
		{1926C25F-00EF-4C31-BBBD-8DB202B085D7}.Debug|Any CPU.Build.0 = Debug|Any CPU
		{1926C25F-00EF-4C31-BBBD-8DB202B085D7}.Release|Any CPU.ActiveCfg = Release|Any CPU
		{1926C25F-00EF-4C31-BBBD-8DB202B085D7}.Release|Any CPU.Build.0 = Release|Any CPU
		{813D07A4-9D80-4603-9108-BBE46D034B2D}.Debug|Any CPU.ActiveCfg = Debug|Any CPU
		{813D07A4-9D80-4603-9108-BBE46D034B2D}.Debug|Any CPU.Build.0 = Debug|Any CPU
		{813D07A4-9D80-4603-9108-BBE46D034B2D}.Release|Any CPU.ActiveCfg = Release|Any CPU
		{813D07A4-9D80-4603-9108-BBE46D034B2D}.Release|Any CPU.Build.0 = Release|Any CPU
		{7ACD6604-1F89-46F2-BED0-8120F96A8623}.Debug|Any CPU.ActiveCfg = Debug|Any CPU
		{7ACD6604-1F89-46F2-BED0-8120F96A8623}.Debug|Any CPU.Build.0 = Debug|Any CPU
		{7ACD6604-1F89-46F2-BED0-8120F96A8623}.Release|Any CPU.ActiveCfg = Release|Any CPU
		{7ACD6604-1F89-46F2-BED0-8120F96A8623}.Release|Any CPU.Build.0 = Release|Any CPU
		{CA014C3A-27EA-4B2B-A5DA-F274A4F25B87}.Debug|Any CPU.ActiveCfg = Debug|Any CPU
		{CA014C3A-27EA-4B2B-A5DA-F274A4F25B87}.Debug|Any CPU.Build.0 = Debug|Any CPU
		{CA014C3A-27EA-4B2B-A5DA-F274A4F25B87}.Release|Any CPU.ActiveCfg = Release|Any CPU
		{CA014C3A-27EA-4B2B-A5DA-F274A4F25B87}.Release|Any CPU.Build.0 = Release|Any CPU
		{1F1E597F-132A-4CBD-ACB0-58181A57D8F7}.Debug|Any CPU.ActiveCfg = Debug|Any CPU
		{1F1E597F-132A-4CBD-ACB0-58181A57D8F7}.Debug|Any CPU.Build.0 = Debug|Any CPU
		{1F1E597F-132A-4CBD-ACB0-58181A57D8F7}.Release|Any CPU.ActiveCfg = Release|Any CPU
		{1F1E597F-132A-4CBD-ACB0-58181A57D8F7}.Release|Any CPU.Build.0 = Release|Any CPU
		{771FF19E-932F-49C8-9AD0-662D3198452E}.Debug|Any CPU.ActiveCfg = Debug|Any CPU
		{771FF19E-932F-49C8-9AD0-662D3198452E}.Debug|Any CPU.Build.0 = Debug|Any CPU
		{771FF19E-932F-49C8-9AD0-662D3198452E}.Release|Any CPU.ActiveCfg = Release|Any CPU
		{771FF19E-932F-49C8-9AD0-662D3198452E}.Release|Any CPU.Build.0 = Release|Any CPU
		{185054A0-E74A-4C41-B324-59BBA20922E5}.Debug|Any CPU.ActiveCfg = Debug|Any CPU
		{185054A0-E74A-4C41-B324-59BBA20922E5}.Debug|Any CPU.Build.0 = Debug|Any CPU
		{185054A0-E74A-4C41-B324-59BBA20922E5}.Release|Any CPU.ActiveCfg = Release|Any CPU
		{185054A0-E74A-4C41-B324-59BBA20922E5}.Release|Any CPU.Build.0 = Release|Any CPU
		{A1A79227-0CD8-4C6F-8A84-B71E5C4C23D8}.Debug|Any CPU.ActiveCfg = Debug|Any CPU
		{A1A79227-0CD8-4C6F-8A84-B71E5C4C23D8}.Debug|Any CPU.Build.0 = Debug|Any CPU
		{A1A79227-0CD8-4C6F-8A84-B71E5C4C23D8}.Release|Any CPU.ActiveCfg = Release|Any CPU
		{A1A79227-0CD8-4C6F-8A84-B71E5C4C23D8}.Release|Any CPU.Build.0 = Release|Any CPU
		{2E7A0645-9500-4E40-B987-3A17FA747A12}.Debug|Any CPU.ActiveCfg = Debug|Any CPU
		{2E7A0645-9500-4E40-B987-3A17FA747A12}.Debug|Any CPU.Build.0 = Debug|Any CPU
		{2E7A0645-9500-4E40-B987-3A17FA747A12}.Release|Any CPU.ActiveCfg = Release|Any CPU
		{2E7A0645-9500-4E40-B987-3A17FA747A12}.Release|Any CPU.Build.0 = Release|Any CPU
		{7BE23167-25B9-4824-AD17-82899BF1B64F}.Debug|Any CPU.ActiveCfg = Debug|Any CPU
		{7BE23167-25B9-4824-AD17-82899BF1B64F}.Debug|Any CPU.Build.0 = Debug|Any CPU
		{7BE23167-25B9-4824-AD17-82899BF1B64F}.Release|Any CPU.ActiveCfg = Release|Any CPU
		{7BE23167-25B9-4824-AD17-82899BF1B64F}.Release|Any CPU.Build.0 = Release|Any CPU
		{027B11F4-7FED-428F-9A07-511D385486F4}.Debug|Any CPU.ActiveCfg = Debug|Any CPU
		{027B11F4-7FED-428F-9A07-511D385486F4}.Debug|Any CPU.Build.0 = Debug|Any CPU
		{027B11F4-7FED-428F-9A07-511D385486F4}.Release|Any CPU.ActiveCfg = Release|Any CPU
		{027B11F4-7FED-428F-9A07-511D385486F4}.Release|Any CPU.Build.0 = Release|Any CPU
		{510C521E-7825-4CA2-98BA-7A75EFBE8177}.Debug|Any CPU.ActiveCfg = Debug|Any CPU
		{510C521E-7825-4CA2-98BA-7A75EFBE8177}.Debug|Any CPU.Build.0 = Debug|Any CPU
		{510C521E-7825-4CA2-98BA-7A75EFBE8177}.Release|Any CPU.ActiveCfg = Release|Any CPU
		{510C521E-7825-4CA2-98BA-7A75EFBE8177}.Release|Any CPU.Build.0 = Release|Any CPU
		{46F6EBD3-7038-4E1D-98A1-D0A5F77AC218}.Debug|Any CPU.ActiveCfg = Debug|Any CPU
		{46F6EBD3-7038-4E1D-98A1-D0A5F77AC218}.Debug|Any CPU.Build.0 = Debug|Any CPU
		{46F6EBD3-7038-4E1D-98A1-D0A5F77AC218}.Release|Any CPU.ActiveCfg = Release|Any CPU
		{46F6EBD3-7038-4E1D-98A1-D0A5F77AC218}.Release|Any CPU.Build.0 = Release|Any CPU
	EndGlobalSection
	GlobalSection(NestedProjects) = preSolution
		{4A08EA0E-D068-4EDA-8FF7-B8C013EF71CA} = {E8260938-6BFC-4535-829A-B11BF03EA7C1}
		{C4800D4C-B056-435A-AA34-6BC09D57C335} = {E8260938-6BFC-4535-829A-B11BF03EA7C1}
		{1926C25F-00EF-4C31-BBBD-8DB202B085D7} = {C4800D4C-B056-435A-AA34-6BC09D57C335}
		{B3CB9573-97EA-4E8A-A50C-EE3D1B2301A8} = {C4800D4C-B056-435A-AA34-6BC09D57C335}
		{813D07A4-9D80-4603-9108-BBE46D034B2D} = {B3CB9573-97EA-4E8A-A50C-EE3D1B2301A8}
		{7ACD6604-1F89-46F2-BED0-8120F96A8623} = {7B6820FE-6DDC-4ACC-B7A0-151DFFF66496}
		{CA014C3A-27EA-4B2B-A5DA-F274A4F25B87} = {7B6820FE-6DDC-4ACC-B7A0-151DFFF66496}
		{1F1E597F-132A-4CBD-ACB0-58181A57D8F7} = {B3CB9573-97EA-4E8A-A50C-EE3D1B2301A8}
		{771FF19E-932F-49C8-9AD0-662D3198452E} = {B3CB9573-97EA-4E8A-A50C-EE3D1B2301A8}
		{185054A0-E74A-4C41-B324-59BBA20922E5} = {B3CB9573-97EA-4E8A-A50C-EE3D1B2301A8}
		{A1A79227-0CD8-4C6F-8A84-B71E5C4C23D8} = {E15A7742-77FF-487C-B939-68463FFCEA9B}
		{2E7A0645-9500-4E40-B987-3A17FA747A12} = {2EC16E3E-7A1F-448F-B075-5E8A63172D49}
		{7BE23167-25B9-4824-AD17-82899BF1B64F} = {E15A7742-77FF-487C-B939-68463FFCEA9B}
		{027B11F4-7FED-428F-9A07-511D385486F4} = {E15A7742-77FF-487C-B939-68463FFCEA9B}
		{510C521E-7825-4CA2-98BA-7A75EFBE8177} = {E15A7742-77FF-487C-B939-68463FFCEA9B}
		{46F6EBD3-7038-4E1D-98A1-D0A5F77AC218} = {2EC16E3E-7A1F-448F-B075-5E8A63172D49}
	EndGlobalSection
EndGlobal
