
Microsoft Visual Studio Solution File, Format Version 12.00
Project("{FAE04EC0-301F-11D3-BF4B-00C04F79EFBC}") = "DontPanicLabs.Ifx.Services.Contracts", "DontPanicLabs.Ifx.Services.Contracts\DontPanicLabs.Ifx.Services.Contracts.csproj", "{12FE1FF5-C89F-4183-88D4-6D63825BA7D4}"
EndProject
Project("{2150E333-8FDC-42A3-9474-1A3956D46DE8}") = "Assets", "Assets", "{EBA91325-6379-4AFB-B2EB-8E18A3BEFCE1}"
	ProjectSection(SolutionItems) = preProject
		Assets\dpl_logo_128_square.png = Assets\dpl_logo_128_square.png
	EndProjectSection
EndProject
Project("{2150E333-8FDC-42A3-9474-1A3956D46DE8}") = ".workflows", ".workflows", "{383260DB-CC00-4744-9ACC-C734CFE31B25}"
	ProjectSection(SolutionItems) = preProject
		.github\workflows\ifx_nuget_deploy.yml = .github\workflows\ifx_nuget_deploy.yml
		.github\workflows\dotnet.yml = .github\workflows\dotnet.yml
	EndProjectSection
EndProject
Project("{2150E333-8FDC-42A3-9474-1A3956D46DE8}") = "Configuration", "Configuration", "{E8260938-6BFC-4535-829A-B11BF03EA7C1}"
EndProject
Project("{FAE04EC0-301F-11D3-BF4B-00C04F79EFBC}") = "DontPanicLabs.Ifx.Configuration.Contracts", "DontPanicLabs.Ifx.Configuration.Contracts\DontPanicLabs.Ifx.Configuration.Contracts.csproj", "{4A08EA0E-D068-4EDA-8FF7-B8C013EF71CA}"
EndProject
Project("{2150E333-8FDC-42A3-9474-1A3956D46DE8}") = "Local", "Local", "{C4800D4C-B056-435A-AA34-6BC09D57C335}"
EndProject
Project("{FAE04EC0-301F-11D3-BF4B-00C04F79EFBC}") = "DontPanicLabs.Ifx.Configuration.Local", "DontPanicLabs.Ifx.Configuration.Local\DontPanicLabs.Ifx.Configuration.Local.csproj", "{1926C25F-00EF-4C31-BBBD-8DB202B085D7}"
EndProject
Project("{2150E333-8FDC-42A3-9474-1A3956D46DE8}") = "Tests", "Tests", "{B3CB9573-97EA-4E8A-A50C-EE3D1B2301A8}"
EndProject
Project("{FAE04EC0-301F-11D3-BF4B-00C04F79EFBC}") = "DontPanicLabs.Ifx.Configuration.Local.Tests.AppsettingsFailure", "DontPanicLabs.Ifx.Configuration.Local.Tests.AppsettingsFailure\DontPanicLabs.Ifx.Configuration.Local.Tests.AppsettingsFailure.csproj", "{813D07A4-9D80-4603-9108-BBE46D034B2D}"
EndProject
Project("{2150E333-8FDC-42A3-9474-1A3956D46DE8}") = "Shared", "Shared", "{7B6820FE-6DDC-4ACC-B7A0-151DFFF66496}"
EndProject
Project("{FAE04EC0-301F-11D3-BF4B-00C04F79EFBC}") = "DontPanicLabs.Ifx.Tests.Shared", "DontPanicLabs.Ifx.Tests.Shared\DontPanicLabs.Ifx.Tests.Shared.csproj", "{7ACD6604-1F89-46F2-BED0-8120F96A8623}"
EndProject
Project("{FAE04EC0-301F-11D3-BF4B-00C04F79EFBC}") = "DontPanicLabs.Ifx.Tests.Shared.Tests", "DontPanicLabs.Ifx.Tests.Shared.Tests\DontPanicLabs.Ifx.Tests.Shared.Tests.csproj", "{CA014C3A-27EA-4B2B-A5DA-F274A4F25B87}"
EndProject
Project("{FAE04EC0-301F-11D3-BF4B-00C04F79EFBC}") = "DontPanicLabs.Ifx.Configuration.Local.Tests.AppsettingsSuccess", "DontPanicLabs.Ifx.Configuration.Local.Tests.AppsettingsSuccess\DontPanicLabs.Ifx.Configuration.Local.Tests.AppsettingsSuccess.csproj", "{1F1E597F-132A-4CBD-ACB0-58181A57D8F7}"
EndProject
Project("{FAE04EC0-301F-11D3-BF4B-00C04F79EFBC}") = "DontPanicLabs.Ifx.Configuration.Local.Tests.Debugging", "DontPanicLabs.Ifx.Configuration.Local.Tests.Debugging\DontPanicLabs.Ifx.Configuration.Local.Tests.Debugging.csproj", "{771FF19E-932F-49C8-9AD0-662D3198452E}"
EndProject
Project("{FAE04EC0-301F-11D3-BF4B-00C04F79EFBC}") = "DontPanicLabs.Ifx.Configuration.Local.Tests.EnvVarsSuccess", "DontPanicLabs.Ifx.Configuration.Local.Tests.EnvVarsSuccess\DontPanicLabs.Ifx.Configuration.Local.Tests.EnvVarsSuccess.csproj", "{185054A0-E74A-4C41-B324-59BBA20922E5}"
EndProject
Project("{2150E333-8FDC-42A3-9474-1A3956D46DE8}") = "Proxy", "Proxy", "{2EC16E3E-7A1F-448F-B075-5E8A63172D49}"
EndProject
Project("{FAE04EC0-301F-11D3-BF4B-00C04F79EFBC}") = "DontPanicLabs.Ifx.Proxy.Contracts", "DontPanicLabs.Ifx.Proxy.Contracts\DontPanicLabs.Ifx.Proxy.Contracts.csproj", "{2E7A0645-9500-4E40-B987-3A17FA747A12}"
EndProject
Project("{FAE04EC0-301F-11D3-BF4B-00C04F79EFBC}") = "DontPanicLabs.Ifx.Proxy.Autofac", "DontPanicLabs.Ifx.Proxy.Autofac\DontPanicLabs.Ifx.Proxy.Autofac.csproj", "{7E53A918-3DFE-41B7-B072-93B1EDCCA371}"
EndProject
Project("{2150E333-8FDC-42A3-9474-1A3956D46DE8}") = "Tests", "Tests", "{EB81ED69-5B10-4F33-8282-B696CA493732}"
EndProject
Project("{2150E333-8FDC-42A3-9474-1A3956D46DE8}") = "Telemetry", "Telemetry", "{91356005-1596-466B-B7C3-E2CAEFD2133C}"
EndProject
Project("{2150E333-8FDC-42A3-9474-1A3956D46DE8}") = "Logger", "Logger", "{64907FEB-0312-4189-8174-44BDBCC7A382}"
EndProject
Project("{FAE04EC0-301F-11D3-BF4B-00C04F79EFBC}") = "DontPanicLabs.Ifx.Telemetry.Logger.Contracts", "DontPanicLabs.Ifx.Telemetry.Logger.Contracts\DontPanicLabs.Ifx.Telemetry.Logger.Contracts.csproj", "{7E95A5C1-AEED-4731-B312-7C110992B0E5}"
EndProject
Project("{2150E333-8FDC-42A3-9474-1A3956D46DE8}") = "Azure", "Azure", "{21BC52CA-6CE3-42EB-A36A-545B529D3765}"
EndProject
Project("{FAE04EC0-301F-11D3-BF4B-00C04F79EFBC}") = "DontPanicLabs.Ifx.Telemetry.Logger.Azure.ApplicationInsights", "DontPanicLabs.Ifx.Telemetry.Logger.Azure.ApplicationInsights\DontPanicLabs.Ifx.Telemetry.Logger.Azure.ApplicationInsights.csproj", "{351E4131-3C2A-4698-AE84-0C79A4A02A07}"
EndProject
Project("{2150E333-8FDC-42A3-9474-1A3956D46DE8}") = "Tests", "Tests", "{3B963951-C786-416A-9D4A-ADCF8EF940BF}"
EndProject
Project("{FAE04EC0-301F-11D3-BF4B-00C04F79EFBC}") = "DontPanicLabs.Ifx.Telemetry.Logger.Azure.Tests.ApplicationInsights.NoConfigException", "DontPanicLabs.Ifx.Telemetry.Logger.Azure.Tests.ApplicationInsights.NoConfigException\DontPanicLabs.Ifx.Telemetry.Logger.Azure.Tests.ApplicationInsights.NoConfigException.csproj", "{C572848D-D81B-4EE8-9077-6E1FBC5C7478}"
EndProject
Project("{FAE04EC0-301F-11D3-BF4B-00C04F79EFBC}") = "DontPanicLabs.Ifx.Telemetry.Logger.Azure.Tests.ApplicationInsights.Success", "DontPanicLabs.Ifx.Telemetry.Logger.Azure.Tests.ApplicationInsights.Success\DontPanicLabs.Ifx.Telemetry.Logger.Azure.Tests.ApplicationInsights.Success.csproj", "{36667938-0ACC-4BFC-8E21-03C27D8DA2E3}"
EndProject
Project("{FAE04EC0-301F-11D3-BF4B-00C04F79EFBC}") = "DontPanicLabs.Ifx.Telemetry.Logger.Azure.Tests.ApplicationInsights.InvalidTelemetryChannel", "DontPanicLabs.Ifx.Telemetry.Logger.Azure.Tests.ApplicationInsights.InvalidTelemetryChannel\DontPanicLabs.Ifx.Telemetry.Logger.Azure.Tests.ApplicationInsights.InvalidTelemetryChannel.csproj", "{35F7985E-A00F-450E-9785-DEFD53091F0E}"
EndProject
Project("{FAE04EC0-301F-11D3-BF4B-00C04F79EFBC}") = "DontPanicLabs.Ifx.Telemetry.Logger.Azure.Tests.ApplicationInsights.ServerTelemetryChannel", "DontPanicLabs.Ifx.Telemetry.Logger.Azure.Tests.ApplicationInsights.ServerTelemetryChannel\DontPanicLabs.Ifx.Telemetry.Logger.Azure.Tests.ApplicationInsights.ServerTelemetryChannel.csproj", "{CFB74269-B14F-459A-AFA2-A396CE7007C4}"
EndProject
Project("{FAE04EC0-301F-11D3-BF4B-00C04F79EFBC}") = "DontPanicLabs.Ifx.Proxy.Autofac.Tests", "DontPanicLabs.Ifx.Proxy.Autofac.Tests\DontPanicLabs.Ifx.Proxy.Autofac.Tests.csproj", "{968ABD48-A7F5-4226-A52B-5F96CA59240A}"
EndProject
Project("{FAE04EC0-301F-11D3-BF4B-00C04F79EFBC}") = "DontPanicLabs.Ifx.Proxy.Autofac.Extensions", "DontPanicLabs.Ifx.Proxy.Autofac.Extensions\DontPanicLabs.Ifx.Proxy.Autofac.Extensions.csproj", "{457899E3-2E02-4D77-9305-A65C80BB218F}"
EndProject
Project("{FAE04EC0-301F-11D3-BF4B-00C04F79EFBC}") = "DontPanicLabs.Ifx.Proxy.Autofac.Extensions.Tests", "DontPanicLabs.Ifx.Proxy.Autofac.Extensions.Tests\DontPanicLabs.Ifx.Proxy.Autofac.Extensions.Tests.csproj", "{4633DC70-FF35-4A4C-AB81-CE4CF3FA105F}"
EndProject
Project("{FAE04EC0-301F-11D3-BF4B-00C04F79EFBC}") = "DontPanicLabs.Ifx.Telemetry.Logger.Azure.OpenTelemetry", "DontPanicLabs.Ifx.Telemetry.Logger.Azure.OpenTelemetry\DontPanicLabs.Ifx.Telemetry.Logger.Azure.OpenTelemetry.csproj", "{BB85F44D-403C-4BB7-9D22-EA57DD6CC158}"
EndProject
Project("{FAE04EC0-301F-11D3-BF4B-00C04F79EFBC}") = "DontPanicLabs.Ifx.Telemetry.Logger.Azure.OpenTelemetry.Tests", "DontPanicLabs.Ifx.Telemetry.Logger.Azure.OpenTelemetry.Tests\DontPanicLabs.Ifx.Telemetry.Logger.Azure.OpenTelemetry.Tests.csproj", "{82218BF8-E5B5-4F3B-84EE-AD040EFED1C0}"
EndProject
Project("{FAE04EC0-301F-11D3-BF4B-00C04F79EFBC}") = "DontPanicLabs.Ifx.Telemetry.Logger.Serilog", "DontPanicLabs.Ifx.Telemetry.Logger.Serilog\DontPanicLabs.Ifx.Telemetry.Logger.Serilog.csproj", "{3B882A36-B633-4483-AC9A-A06529369B02}"
EndProject
Project("{FAE04EC0-301F-11D3-BF4B-00C04F79EFBC}") = "DontPanicLabs.Ifx.Telemetry.Logger.Serilog.Tests", "DontPanicLabs.Ifx.Telemetry.Logger.Serilog.Tests\DontPanicLabs.Ifx.Telemetry.Logger.Serilog.Tests.csproj", "{77910F70-FCDF-4045-8DE4-79C3BF812BB4}"
EndProject
Project("{2150E333-8FDC-42A3-9474-1A3956D46DE8}") = "Serilog", "Serilog", "{EECDDB4C-C43E-4526-950C-B1263613463B}"
EndProject
Project("{2150E333-8FDC-42A3-9474-1A3956D46DE8}") = "Tests", "Tests", "{BA49892F-5355-4103-9BBA-0B1BE9EBE1F7}"
EndProject
Project("{FAE04EC0-301F-11D3-BF4B-00C04F79EFBC}") = "DontPanicLabs.Ifx.Telemetry.Logger.Serilog.IntegrationTests", "DontPanicLabs.Ifx.Telemetry.Logger.Serilog.IntegrationTests\DontPanicLabs.Ifx.Telemetry.Logger.Serilog.IntegrationTests.csproj", "{FF2E3F4A-9389-44BE-8060-2C98C3D520DE}"
EndProject
Project("{FAE04EC0-301F-11D3-BF4B-00C04F79EFBC}") = "DontPanicLabs.Ifx.Configuration.Local.Tests.ConfigurationOrder", "DontPanicLabs.Ifx.Configuration.Local.Tests.ConfigurationOrder\DontPanicLabs.Ifx.Configuration.Local.Tests.ConfigurationOrder.csproj", "{99741306-74CB-44DB-A463-BDF072590B62}"
EndProject
Global
	GlobalSection(SolutionConfigurationPlatforms) = preSolution
		Debug|Any CPU = Debug|Any CPU
		Debug|x64 = Debug|x64
		Debug|x86 = Debug|x86
		Release|Any CPU = Release|Any CPU
		Release|x64 = Release|x64
		Release|x86 = Release|x86
	EndGlobalSection
	GlobalSection(ProjectConfigurationPlatforms) = postSolution
		{12FE1FF5-C89F-4183-88D4-6D63825BA7D4}.Debug|Any CPU.ActiveCfg = Debug|Any CPU
		{12FE1FF5-C89F-4183-88D4-6D63825BA7D4}.Debug|Any CPU.Build.0 = Debug|Any CPU
		{12FE1FF5-C89F-4183-88D4-6D63825BA7D4}.Debug|x64.ActiveCfg = Debug|Any CPU
		{12FE1FF5-C89F-4183-88D4-6D63825BA7D4}.Debug|x64.Build.0 = Debug|Any CPU
		{12FE1FF5-C89F-4183-88D4-6D63825BA7D4}.Debug|x86.ActiveCfg = Debug|Any CPU
		{12FE1FF5-C89F-4183-88D4-6D63825BA7D4}.Debug|x86.Build.0 = Debug|Any CPU
		{12FE1FF5-C89F-4183-88D4-6D63825BA7D4}.Release|Any CPU.ActiveCfg = Release|Any CPU
		{12FE1FF5-C89F-4183-88D4-6D63825BA7D4}.Release|Any CPU.Build.0 = Release|Any CPU
		{12FE1FF5-C89F-4183-88D4-6D63825BA7D4}.Release|x64.ActiveCfg = Release|Any CPU
		{12FE1FF5-C89F-4183-88D4-6D63825BA7D4}.Release|x64.Build.0 = Release|Any CPU
		{12FE1FF5-C89F-4183-88D4-6D63825BA7D4}.Release|x86.ActiveCfg = Release|Any CPU
		{12FE1FF5-C89F-4183-88D4-6D63825BA7D4}.Release|x86.Build.0 = Release|Any CPU
		{4A08EA0E-D068-4EDA-8FF7-B8C013EF71CA}.Debug|Any CPU.ActiveCfg = Debug|Any CPU
		{4A08EA0E-D068-4EDA-8FF7-B8C013EF71CA}.Debug|Any CPU.Build.0 = Debug|Any CPU
		{4A08EA0E-D068-4EDA-8FF7-B8C013EF71CA}.Debug|x64.ActiveCfg = Debug|Any CPU
		{4A08EA0E-D068-4EDA-8FF7-B8C013EF71CA}.Debug|x64.Build.0 = Debug|Any CPU
		{4A08EA0E-D068-4EDA-8FF7-B8C013EF71CA}.Debug|x86.ActiveCfg = Debug|Any CPU
		{4A08EA0E-D068-4EDA-8FF7-B8C013EF71CA}.Debug|x86.Build.0 = Debug|Any CPU
		{4A08EA0E-D068-4EDA-8FF7-B8C013EF71CA}.Release|Any CPU.ActiveCfg = Release|Any CPU
		{4A08EA0E-D068-4EDA-8FF7-B8C013EF71CA}.Release|Any CPU.Build.0 = Release|Any CPU
		{4A08EA0E-D068-4EDA-8FF7-B8C013EF71CA}.Release|x64.ActiveCfg = Release|Any CPU
		{4A08EA0E-D068-4EDA-8FF7-B8C013EF71CA}.Release|x64.Build.0 = Release|Any CPU
		{4A08EA0E-D068-4EDA-8FF7-B8C013EF71CA}.Release|x86.ActiveCfg = Release|Any CPU
		{4A08EA0E-D068-4EDA-8FF7-B8C013EF71CA}.Release|x86.Build.0 = Release|Any CPU
		{1926C25F-00EF-4C31-BBBD-8DB202B085D7}.Debug|Any CPU.ActiveCfg = Debug|Any CPU
		{1926C25F-00EF-4C31-BBBD-8DB202B085D7}.Debug|Any CPU.Build.0 = Debug|Any CPU
		{1926C25F-00EF-4C31-BBBD-8DB202B085D7}.Debug|x64.ActiveCfg = Debug|Any CPU
		{1926C25F-00EF-4C31-BBBD-8DB202B085D7}.Debug|x64.Build.0 = Debug|Any CPU
		{1926C25F-00EF-4C31-BBBD-8DB202B085D7}.Debug|x86.ActiveCfg = Debug|Any CPU
		{1926C25F-00EF-4C31-BBBD-8DB202B085D7}.Debug|x86.Build.0 = Debug|Any CPU
		{1926C25F-00EF-4C31-BBBD-8DB202B085D7}.Release|Any CPU.ActiveCfg = Release|Any CPU
		{1926C25F-00EF-4C31-BBBD-8DB202B085D7}.Release|Any CPU.Build.0 = Release|Any CPU
		{1926C25F-00EF-4C31-BBBD-8DB202B085D7}.Release|x64.ActiveCfg = Release|Any CPU
		{1926C25F-00EF-4C31-BBBD-8DB202B085D7}.Release|x64.Build.0 = Release|Any CPU
		{1926C25F-00EF-4C31-BBBD-8DB202B085D7}.Release|x86.ActiveCfg = Release|Any CPU
		{1926C25F-00EF-4C31-BBBD-8DB202B085D7}.Release|x86.Build.0 = Release|Any CPU
		{813D07A4-9D80-4603-9108-BBE46D034B2D}.Debug|Any CPU.ActiveCfg = Debug|Any CPU
		{813D07A4-9D80-4603-9108-BBE46D034B2D}.Debug|Any CPU.Build.0 = Debug|Any CPU
		{813D07A4-9D80-4603-9108-BBE46D034B2D}.Debug|x64.ActiveCfg = Debug|Any CPU
		{813D07A4-9D80-4603-9108-BBE46D034B2D}.Debug|x64.Build.0 = Debug|Any CPU
		{813D07A4-9D80-4603-9108-BBE46D034B2D}.Debug|x86.ActiveCfg = Debug|Any CPU
		{813D07A4-9D80-4603-9108-BBE46D034B2D}.Debug|x86.Build.0 = Debug|Any CPU
		{813D07A4-9D80-4603-9108-BBE46D034B2D}.Release|Any CPU.ActiveCfg = Release|Any CPU
		{813D07A4-9D80-4603-9108-BBE46D034B2D}.Release|Any CPU.Build.0 = Release|Any CPU
		{813D07A4-9D80-4603-9108-BBE46D034B2D}.Release|x64.ActiveCfg = Release|Any CPU
		{813D07A4-9D80-4603-9108-BBE46D034B2D}.Release|x64.Build.0 = Release|Any CPU
		{813D07A4-9D80-4603-9108-BBE46D034B2D}.Release|x86.ActiveCfg = Release|Any CPU
		{813D07A4-9D80-4603-9108-BBE46D034B2D}.Release|x86.Build.0 = Release|Any CPU
		{7ACD6604-1F89-46F2-BED0-8120F96A8623}.Debug|Any CPU.ActiveCfg = Debug|Any CPU
		{7ACD6604-1F89-46F2-BED0-8120F96A8623}.Debug|Any CPU.Build.0 = Debug|Any CPU
		{7ACD6604-1F89-46F2-BED0-8120F96A8623}.Debug|x64.ActiveCfg = Debug|Any CPU
		{7ACD6604-1F89-46F2-BED0-8120F96A8623}.Debug|x64.Build.0 = Debug|Any CPU
		{7ACD6604-1F89-46F2-BED0-8120F96A8623}.Debug|x86.ActiveCfg = Debug|Any CPU
		{7ACD6604-1F89-46F2-BED0-8120F96A8623}.Debug|x86.Build.0 = Debug|Any CPU
		{7ACD6604-1F89-46F2-BED0-8120F96A8623}.Release|Any CPU.ActiveCfg = Release|Any CPU
		{7ACD6604-1F89-46F2-BED0-8120F96A8623}.Release|Any CPU.Build.0 = Release|Any CPU
		{7ACD6604-1F89-46F2-BED0-8120F96A8623}.Release|x64.ActiveCfg = Release|Any CPU
		{7ACD6604-1F89-46F2-BED0-8120F96A8623}.Release|x64.Build.0 = Release|Any CPU
		{7ACD6604-1F89-46F2-BED0-8120F96A8623}.Release|x86.ActiveCfg = Release|Any CPU
		{7ACD6604-1F89-46F2-BED0-8120F96A8623}.Release|x86.Build.0 = Release|Any CPU
		{CA014C3A-27EA-4B2B-A5DA-F274A4F25B87}.Debug|Any CPU.ActiveCfg = Debug|Any CPU
		{CA014C3A-27EA-4B2B-A5DA-F274A4F25B87}.Debug|Any CPU.Build.0 = Debug|Any CPU
		{CA014C3A-27EA-4B2B-A5DA-F274A4F25B87}.Debug|x64.ActiveCfg = Debug|Any CPU
		{CA014C3A-27EA-4B2B-A5DA-F274A4F25B87}.Debug|x64.Build.0 = Debug|Any CPU
		{CA014C3A-27EA-4B2B-A5DA-F274A4F25B87}.Debug|x86.ActiveCfg = Debug|Any CPU
		{CA014C3A-27EA-4B2B-A5DA-F274A4F25B87}.Debug|x86.Build.0 = Debug|Any CPU
		{CA014C3A-27EA-4B2B-A5DA-F274A4F25B87}.Release|Any CPU.ActiveCfg = Release|Any CPU
		{CA014C3A-27EA-4B2B-A5DA-F274A4F25B87}.Release|Any CPU.Build.0 = Release|Any CPU
		{CA014C3A-27EA-4B2B-A5DA-F274A4F25B87}.Release|x64.ActiveCfg = Release|Any CPU
		{CA014C3A-27EA-4B2B-A5DA-F274A4F25B87}.Release|x64.Build.0 = Release|Any CPU
		{CA014C3A-27EA-4B2B-A5DA-F274A4F25B87}.Release|x86.ActiveCfg = Release|Any CPU
		{CA014C3A-27EA-4B2B-A5DA-F274A4F25B87}.Release|x86.Build.0 = Release|Any CPU
		{1F1E597F-132A-4CBD-ACB0-58181A57D8F7}.Debug|Any CPU.ActiveCfg = Debug|Any CPU
		{1F1E597F-132A-4CBD-ACB0-58181A57D8F7}.Debug|Any CPU.Build.0 = Debug|Any CPU
		{1F1E597F-132A-4CBD-ACB0-58181A57D8F7}.Debug|x64.ActiveCfg = Debug|Any CPU
		{1F1E597F-132A-4CBD-ACB0-58181A57D8F7}.Debug|x64.Build.0 = Debug|Any CPU
		{1F1E597F-132A-4CBD-ACB0-58181A57D8F7}.Debug|x86.ActiveCfg = Debug|Any CPU
		{1F1E597F-132A-4CBD-ACB0-58181A57D8F7}.Debug|x86.Build.0 = Debug|Any CPU
		{1F1E597F-132A-4CBD-ACB0-58181A57D8F7}.Release|Any CPU.ActiveCfg = Release|Any CPU
		{1F1E597F-132A-4CBD-ACB0-58181A57D8F7}.Release|Any CPU.Build.0 = Release|Any CPU
		{1F1E597F-132A-4CBD-ACB0-58181A57D8F7}.Release|x64.ActiveCfg = Release|Any CPU
		{1F1E597F-132A-4CBD-ACB0-58181A57D8F7}.Release|x64.Build.0 = Release|Any CPU
		{1F1E597F-132A-4CBD-ACB0-58181A57D8F7}.Release|x86.ActiveCfg = Release|Any CPU
		{1F1E597F-132A-4CBD-ACB0-58181A57D8F7}.Release|x86.Build.0 = Release|Any CPU
		{771FF19E-932F-49C8-9AD0-662D3198452E}.Debug|Any CPU.ActiveCfg = Debug|Any CPU
		{771FF19E-932F-49C8-9AD0-662D3198452E}.Debug|Any CPU.Build.0 = Debug|Any CPU
		{771FF19E-932F-49C8-9AD0-662D3198452E}.Debug|x64.ActiveCfg = Debug|Any CPU
		{771FF19E-932F-49C8-9AD0-662D3198452E}.Debug|x64.Build.0 = Debug|Any CPU
		{771FF19E-932F-49C8-9AD0-662D3198452E}.Debug|x86.ActiveCfg = Debug|Any CPU
		{771FF19E-932F-49C8-9AD0-662D3198452E}.Debug|x86.Build.0 = Debug|Any CPU
		{771FF19E-932F-49C8-9AD0-662D3198452E}.Release|Any CPU.ActiveCfg = Release|Any CPU
		{771FF19E-932F-49C8-9AD0-662D3198452E}.Release|Any CPU.Build.0 = Release|Any CPU
		{771FF19E-932F-49C8-9AD0-662D3198452E}.Release|x64.ActiveCfg = Release|Any CPU
		{771FF19E-932F-49C8-9AD0-662D3198452E}.Release|x64.Build.0 = Release|Any CPU
		{771FF19E-932F-49C8-9AD0-662D3198452E}.Release|x86.ActiveCfg = Release|Any CPU
		{771FF19E-932F-49C8-9AD0-662D3198452E}.Release|x86.Build.0 = Release|Any CPU
		{185054A0-E74A-4C41-B324-59BBA20922E5}.Debug|Any CPU.ActiveCfg = Debug|Any CPU
		{185054A0-E74A-4C41-B324-59BBA20922E5}.Debug|Any CPU.Build.0 = Debug|Any CPU
		{185054A0-E74A-4C41-B324-59BBA20922E5}.Debug|x64.ActiveCfg = Debug|Any CPU
		{185054A0-E74A-4C41-B324-59BBA20922E5}.Debug|x64.Build.0 = Debug|Any CPU
		{185054A0-E74A-4C41-B324-59BBA20922E5}.Debug|x86.ActiveCfg = Debug|Any CPU
		{185054A0-E74A-4C41-B324-59BBA20922E5}.Debug|x86.Build.0 = Debug|Any CPU
		{185054A0-E74A-4C41-B324-59BBA20922E5}.Release|Any CPU.ActiveCfg = Release|Any CPU
		{185054A0-E74A-4C41-B324-59BBA20922E5}.Release|Any CPU.Build.0 = Release|Any CPU
		{185054A0-E74A-4C41-B324-59BBA20922E5}.Release|x64.ActiveCfg = Release|Any CPU
		{185054A0-E74A-4C41-B324-59BBA20922E5}.Release|x64.Build.0 = Release|Any CPU
		{185054A0-E74A-4C41-B324-59BBA20922E5}.Release|x86.ActiveCfg = Release|Any CPU
		{185054A0-E74A-4C41-B324-59BBA20922E5}.Release|x86.Build.0 = Release|Any CPU
		{2E7A0645-9500-4E40-B987-3A17FA747A12}.Debug|Any CPU.ActiveCfg = Debug|Any CPU
		{2E7A0645-9500-4E40-B987-3A17FA747A12}.Debug|Any CPU.Build.0 = Debug|Any CPU
		{2E7A0645-9500-4E40-B987-3A17FA747A12}.Debug|x64.ActiveCfg = Debug|Any CPU
		{2E7A0645-9500-4E40-B987-3A17FA747A12}.Debug|x64.Build.0 = Debug|Any CPU
		{2E7A0645-9500-4E40-B987-3A17FA747A12}.Debug|x86.ActiveCfg = Debug|Any CPU
		{2E7A0645-9500-4E40-B987-3A17FA747A12}.Debug|x86.Build.0 = Debug|Any CPU
		{2E7A0645-9500-4E40-B987-3A17FA747A12}.Release|Any CPU.ActiveCfg = Release|Any CPU
		{2E7A0645-9500-4E40-B987-3A17FA747A12}.Release|Any CPU.Build.0 = Release|Any CPU
		{2E7A0645-9500-4E40-B987-3A17FA747A12}.Release|x64.ActiveCfg = Release|Any CPU
		{2E7A0645-9500-4E40-B987-3A17FA747A12}.Release|x64.Build.0 = Release|Any CPU
		{2E7A0645-9500-4E40-B987-3A17FA747A12}.Release|x86.ActiveCfg = Release|Any CPU
		{2E7A0645-9500-4E40-B987-3A17FA747A12}.Release|x86.Build.0 = Release|Any CPU
		{7E53A918-3DFE-41B7-B072-93B1EDCCA371}.Debug|Any CPU.ActiveCfg = Debug|Any CPU
		{7E53A918-3DFE-41B7-B072-93B1EDCCA371}.Debug|Any CPU.Build.0 = Debug|Any CPU
		{7E53A918-3DFE-41B7-B072-93B1EDCCA371}.Debug|x64.ActiveCfg = Debug|Any CPU
		{7E53A918-3DFE-41B7-B072-93B1EDCCA371}.Debug|x64.Build.0 = Debug|Any CPU
		{7E53A918-3DFE-41B7-B072-93B1EDCCA371}.Debug|x86.ActiveCfg = Debug|Any CPU
		{7E53A918-3DFE-41B7-B072-93B1EDCCA371}.Debug|x86.Build.0 = Debug|Any CPU
		{7E53A918-3DFE-41B7-B072-93B1EDCCA371}.Release|Any CPU.ActiveCfg = Release|Any CPU
		{7E53A918-3DFE-41B7-B072-93B1EDCCA371}.Release|Any CPU.Build.0 = Release|Any CPU
		{7E53A918-3DFE-41B7-B072-93B1EDCCA371}.Release|x64.ActiveCfg = Release|Any CPU
		{7E53A918-3DFE-41B7-B072-93B1EDCCA371}.Release|x64.Build.0 = Release|Any CPU
		{7E53A918-3DFE-41B7-B072-93B1EDCCA371}.Release|x86.ActiveCfg = Release|Any CPU
		{7E53A918-3DFE-41B7-B072-93B1EDCCA371}.Release|x86.Build.0 = Release|Any CPU
		{7E95A5C1-AEED-4731-B312-7C110992B0E5}.Debug|Any CPU.ActiveCfg = Debug|Any CPU
		{7E95A5C1-AEED-4731-B312-7C110992B0E5}.Debug|Any CPU.Build.0 = Debug|Any CPU
		{7E95A5C1-AEED-4731-B312-7C110992B0E5}.Debug|x64.ActiveCfg = Debug|Any CPU
		{7E95A5C1-AEED-4731-B312-7C110992B0E5}.Debug|x64.Build.0 = Debug|Any CPU
		{7E95A5C1-AEED-4731-B312-7C110992B0E5}.Debug|x86.ActiveCfg = Debug|Any CPU
		{7E95A5C1-AEED-4731-B312-7C110992B0E5}.Debug|x86.Build.0 = Debug|Any CPU
		{7E95A5C1-AEED-4731-B312-7C110992B0E5}.Release|Any CPU.ActiveCfg = Release|Any CPU
		{7E95A5C1-AEED-4731-B312-7C110992B0E5}.Release|Any CPU.Build.0 = Release|Any CPU
		{7E95A5C1-AEED-4731-B312-7C110992B0E5}.Release|x64.ActiveCfg = Release|Any CPU
		{7E95A5C1-AEED-4731-B312-7C110992B0E5}.Release|x64.Build.0 = Release|Any CPU
		{7E95A5C1-AEED-4731-B312-7C110992B0E5}.Release|x86.ActiveCfg = Release|Any CPU
		{7E95A5C1-AEED-4731-B312-7C110992B0E5}.Release|x86.Build.0 = Release|Any CPU
		{351E4131-3C2A-4698-AE84-0C79A4A02A07}.Debug|Any CPU.ActiveCfg = Debug|Any CPU
		{351E4131-3C2A-4698-AE84-0C79A4A02A07}.Debug|Any CPU.Build.0 = Debug|Any CPU
		{351E4131-3C2A-4698-AE84-0C79A4A02A07}.Debug|x64.ActiveCfg = Debug|Any CPU
		{351E4131-3C2A-4698-AE84-0C79A4A02A07}.Debug|x64.Build.0 = Debug|Any CPU
		{351E4131-3C2A-4698-AE84-0C79A4A02A07}.Debug|x86.ActiveCfg = Debug|Any CPU
		{351E4131-3C2A-4698-AE84-0C79A4A02A07}.Debug|x86.Build.0 = Debug|Any CPU
		{351E4131-3C2A-4698-AE84-0C79A4A02A07}.Release|Any CPU.ActiveCfg = Release|Any CPU
		{351E4131-3C2A-4698-AE84-0C79A4A02A07}.Release|Any CPU.Build.0 = Release|Any CPU
		{351E4131-3C2A-4698-AE84-0C79A4A02A07}.Release|x64.ActiveCfg = Release|Any CPU
		{351E4131-3C2A-4698-AE84-0C79A4A02A07}.Release|x64.Build.0 = Release|Any CPU
		{351E4131-3C2A-4698-AE84-0C79A4A02A07}.Release|x86.ActiveCfg = Release|Any CPU
		{351E4131-3C2A-4698-AE84-0C79A4A02A07}.Release|x86.Build.0 = Release|Any CPU
		{C572848D-D81B-4EE8-9077-6E1FBC5C7478}.Debug|Any CPU.ActiveCfg = Debug|Any CPU
		{C572848D-D81B-4EE8-9077-6E1FBC5C7478}.Debug|Any CPU.Build.0 = Debug|Any CPU
		{C572848D-D81B-4EE8-9077-6E1FBC5C7478}.Debug|x64.ActiveCfg = Debug|Any CPU
		{C572848D-D81B-4EE8-9077-6E1FBC5C7478}.Debug|x64.Build.0 = Debug|Any CPU
		{C572848D-D81B-4EE8-9077-6E1FBC5C7478}.Debug|x86.ActiveCfg = Debug|Any CPU
		{C572848D-D81B-4EE8-9077-6E1FBC5C7478}.Debug|x86.Build.0 = Debug|Any CPU
		{C572848D-D81B-4EE8-9077-6E1FBC5C7478}.Release|Any CPU.ActiveCfg = Release|Any CPU
		{C572848D-D81B-4EE8-9077-6E1FBC5C7478}.Release|Any CPU.Build.0 = Release|Any CPU
		{C572848D-D81B-4EE8-9077-6E1FBC5C7478}.Release|x64.ActiveCfg = Release|Any CPU
		{C572848D-D81B-4EE8-9077-6E1FBC5C7478}.Release|x64.Build.0 = Release|Any CPU
		{C572848D-D81B-4EE8-9077-6E1FBC5C7478}.Release|x86.ActiveCfg = Release|Any CPU
		{C572848D-D81B-4EE8-9077-6E1FBC5C7478}.Release|x86.Build.0 = Release|Any CPU
		{36667938-0ACC-4BFC-8E21-03C27D8DA2E3}.Debug|Any CPU.ActiveCfg = Debug|Any CPU
		{36667938-0ACC-4BFC-8E21-03C27D8DA2E3}.Debug|Any CPU.Build.0 = Debug|Any CPU
		{36667938-0ACC-4BFC-8E21-03C27D8DA2E3}.Debug|x64.ActiveCfg = Debug|Any CPU
		{36667938-0ACC-4BFC-8E21-03C27D8DA2E3}.Debug|x64.Build.0 = Debug|Any CPU
		{36667938-0ACC-4BFC-8E21-03C27D8DA2E3}.Debug|x86.ActiveCfg = Debug|Any CPU
		{36667938-0ACC-4BFC-8E21-03C27D8DA2E3}.Debug|x86.Build.0 = Debug|Any CPU
		{36667938-0ACC-4BFC-8E21-03C27D8DA2E3}.Release|Any CPU.ActiveCfg = Release|Any CPU
		{36667938-0ACC-4BFC-8E21-03C27D8DA2E3}.Release|Any CPU.Build.0 = Release|Any CPU
		{36667938-0ACC-4BFC-8E21-03C27D8DA2E3}.Release|x64.ActiveCfg = Release|Any CPU
		{36667938-0ACC-4BFC-8E21-03C27D8DA2E3}.Release|x64.Build.0 = Release|Any CPU
		{36667938-0ACC-4BFC-8E21-03C27D8DA2E3}.Release|x86.ActiveCfg = Release|Any CPU
		{36667938-0ACC-4BFC-8E21-03C27D8DA2E3}.Release|x86.Build.0 = Release|Any CPU
		{35F7985E-A00F-450E-9785-DEFD53091F0E}.Debug|Any CPU.ActiveCfg = Debug|Any CPU
		{35F7985E-A00F-450E-9785-DEFD53091F0E}.Debug|Any CPU.Build.0 = Debug|Any CPU
		{35F7985E-A00F-450E-9785-DEFD53091F0E}.Debug|x64.ActiveCfg = Debug|Any CPU
		{35F7985E-A00F-450E-9785-DEFD53091F0E}.Debug|x64.Build.0 = Debug|Any CPU
		{35F7985E-A00F-450E-9785-DEFD53091F0E}.Debug|x86.ActiveCfg = Debug|Any CPU
		{35F7985E-A00F-450E-9785-DEFD53091F0E}.Debug|x86.Build.0 = Debug|Any CPU
		{35F7985E-A00F-450E-9785-DEFD53091F0E}.Release|Any CPU.ActiveCfg = Release|Any CPU
		{35F7985E-A00F-450E-9785-DEFD53091F0E}.Release|Any CPU.Build.0 = Release|Any CPU
		{35F7985E-A00F-450E-9785-DEFD53091F0E}.Release|x64.ActiveCfg = Release|Any CPU
		{35F7985E-A00F-450E-9785-DEFD53091F0E}.Release|x64.Build.0 = Release|Any CPU
		{35F7985E-A00F-450E-9785-DEFD53091F0E}.Release|x86.ActiveCfg = Release|Any CPU
		{35F7985E-A00F-450E-9785-DEFD53091F0E}.Release|x86.Build.0 = Release|Any CPU
		{CFB74269-B14F-459A-AFA2-A396CE7007C4}.Debug|Any CPU.ActiveCfg = Debug|Any CPU
		{CFB74269-B14F-459A-AFA2-A396CE7007C4}.Debug|Any CPU.Build.0 = Debug|Any CPU
		{CFB74269-B14F-459A-AFA2-A396CE7007C4}.Debug|x64.ActiveCfg = Debug|Any CPU
		{CFB74269-B14F-459A-AFA2-A396CE7007C4}.Debug|x64.Build.0 = Debug|Any CPU
		{CFB74269-B14F-459A-AFA2-A396CE7007C4}.Debug|x86.ActiveCfg = Debug|Any CPU
		{CFB74269-B14F-459A-AFA2-A396CE7007C4}.Debug|x86.Build.0 = Debug|Any CPU
		{CFB74269-B14F-459A-AFA2-A396CE7007C4}.Release|Any CPU.ActiveCfg = Release|Any CPU
		{CFB74269-B14F-459A-AFA2-A396CE7007C4}.Release|Any CPU.Build.0 = Release|Any CPU
		{CFB74269-B14F-459A-AFA2-A396CE7007C4}.Release|x64.ActiveCfg = Release|Any CPU
		{CFB74269-B14F-459A-AFA2-A396CE7007C4}.Release|x64.Build.0 = Release|Any CPU
		{CFB74269-B14F-459A-AFA2-A396CE7007C4}.Release|x86.ActiveCfg = Release|Any CPU
		{CFB74269-B14F-459A-AFA2-A396CE7007C4}.Release|x86.Build.0 = Release|Any CPU
		{968ABD48-A7F5-4226-A52B-5F96CA59240A}.Debug|Any CPU.ActiveCfg = Debug|Any CPU
		{968ABD48-A7F5-4226-A52B-5F96CA59240A}.Debug|Any CPU.Build.0 = Debug|Any CPU
		{968ABD48-A7F5-4226-A52B-5F96CA59240A}.Debug|x64.ActiveCfg = Debug|Any CPU
		{968ABD48-A7F5-4226-A52B-5F96CA59240A}.Debug|x64.Build.0 = Debug|Any CPU
		{968ABD48-A7F5-4226-A52B-5F96CA59240A}.Debug|x86.ActiveCfg = Debug|Any CPU
		{968ABD48-A7F5-4226-A52B-5F96CA59240A}.Debug|x86.Build.0 = Debug|Any CPU
		{968ABD48-A7F5-4226-A52B-5F96CA59240A}.Release|Any CPU.ActiveCfg = Release|Any CPU
		{968ABD48-A7F5-4226-A52B-5F96CA59240A}.Release|Any CPU.Build.0 = Release|Any CPU
		{968ABD48-A7F5-4226-A52B-5F96CA59240A}.Release|x64.ActiveCfg = Release|Any CPU
		{968ABD48-A7F5-4226-A52B-5F96CA59240A}.Release|x64.Build.0 = Release|Any CPU
		{968ABD48-A7F5-4226-A52B-5F96CA59240A}.Release|x86.ActiveCfg = Release|Any CPU
		{968ABD48-A7F5-4226-A52B-5F96CA59240A}.Release|x86.Build.0 = Release|Any CPU
		{457899E3-2E02-4D77-9305-A65C80BB218F}.Debug|Any CPU.ActiveCfg = Debug|Any CPU
		{457899E3-2E02-4D77-9305-A65C80BB218F}.Debug|Any CPU.Build.0 = Debug|Any CPU
		{457899E3-2E02-4D77-9305-A65C80BB218F}.Debug|x64.ActiveCfg = Debug|Any CPU
		{457899E3-2E02-4D77-9305-A65C80BB218F}.Debug|x64.Build.0 = Debug|Any CPU
		{457899E3-2E02-4D77-9305-A65C80BB218F}.Debug|x86.ActiveCfg = Debug|Any CPU
		{457899E3-2E02-4D77-9305-A65C80BB218F}.Debug|x86.Build.0 = Debug|Any CPU
		{457899E3-2E02-4D77-9305-A65C80BB218F}.Release|Any CPU.ActiveCfg = Release|Any CPU
		{457899E3-2E02-4D77-9305-A65C80BB218F}.Release|Any CPU.Build.0 = Release|Any CPU
		{457899E3-2E02-4D77-9305-A65C80BB218F}.Release|x64.ActiveCfg = Release|Any CPU
		{457899E3-2E02-4D77-9305-A65C80BB218F}.Release|x64.Build.0 = Release|Any CPU
		{457899E3-2E02-4D77-9305-A65C80BB218F}.Release|x86.ActiveCfg = Release|Any CPU
		{457899E3-2E02-4D77-9305-A65C80BB218F}.Release|x86.Build.0 = Release|Any CPU
		{4633DC70-FF35-4A4C-AB81-CE4CF3FA105F}.Debug|Any CPU.ActiveCfg = Debug|Any CPU
		{4633DC70-FF35-4A4C-AB81-CE4CF3FA105F}.Debug|Any CPU.Build.0 = Debug|Any CPU
		{4633DC70-FF35-4A4C-AB81-CE4CF3FA105F}.Debug|x64.ActiveCfg = Debug|Any CPU
		{4633DC70-FF35-4A4C-AB81-CE4CF3FA105F}.Debug|x64.Build.0 = Debug|Any CPU
		{4633DC70-FF35-4A4C-AB81-CE4CF3FA105F}.Debug|x86.ActiveCfg = Debug|Any CPU
		{4633DC70-FF35-4A4C-AB81-CE4CF3FA105F}.Debug|x86.Build.0 = Debug|Any CPU
		{4633DC70-FF35-4A4C-AB81-CE4CF3FA105F}.Release|Any CPU.ActiveCfg = Release|Any CPU
		{4633DC70-FF35-4A4C-AB81-CE4CF3FA105F}.Release|Any CPU.Build.0 = Release|Any CPU
		{4633DC70-FF35-4A4C-AB81-CE4CF3FA105F}.Release|x64.ActiveCfg = Release|Any CPU
		{4633DC70-FF35-4A4C-AB81-CE4CF3FA105F}.Release|x64.Build.0 = Release|Any CPU
		{4633DC70-FF35-4A4C-AB81-CE4CF3FA105F}.Release|x86.ActiveCfg = Release|Any CPU
		{4633DC70-FF35-4A4C-AB81-CE4CF3FA105F}.Release|x86.Build.0 = Release|Any CPU
		{BB85F44D-403C-4BB7-9D22-EA57DD6CC158}.Debug|Any CPU.ActiveCfg = Debug|Any CPU
		{BB85F44D-403C-4BB7-9D22-EA57DD6CC158}.Debug|Any CPU.Build.0 = Debug|Any CPU
		{BB85F44D-403C-4BB7-9D22-EA57DD6CC158}.Debug|x64.ActiveCfg = Debug|Any CPU
		{BB85F44D-403C-4BB7-9D22-EA57DD6CC158}.Debug|x64.Build.0 = Debug|Any CPU
		{BB85F44D-403C-4BB7-9D22-EA57DD6CC158}.Debug|x86.ActiveCfg = Debug|Any CPU
		{BB85F44D-403C-4BB7-9D22-EA57DD6CC158}.Debug|x86.Build.0 = Debug|Any CPU
		{BB85F44D-403C-4BB7-9D22-EA57DD6CC158}.Release|Any CPU.ActiveCfg = Release|Any CPU
		{BB85F44D-403C-4BB7-9D22-EA57DD6CC158}.Release|Any CPU.Build.0 = Release|Any CPU
		{BB85F44D-403C-4BB7-9D22-EA57DD6CC158}.Release|x64.ActiveCfg = Release|Any CPU
		{BB85F44D-403C-4BB7-9D22-EA57DD6CC158}.Release|x64.Build.0 = Release|Any CPU
		{BB85F44D-403C-4BB7-9D22-EA57DD6CC158}.Release|x86.ActiveCfg = Release|Any CPU
		{BB85F44D-403C-4BB7-9D22-EA57DD6CC158}.Release|x86.Build.0 = Release|Any CPU
		{82218BF8-E5B5-4F3B-84EE-AD040EFED1C0}.Debug|Any CPU.ActiveCfg = Debug|Any CPU
		{82218BF8-E5B5-4F3B-84EE-AD040EFED1C0}.Debug|Any CPU.Build.0 = Debug|Any CPU
		{82218BF8-E5B5-4F3B-84EE-AD040EFED1C0}.Debug|x64.ActiveCfg = Debug|Any CPU
		{82218BF8-E5B5-4F3B-84EE-AD040EFED1C0}.Debug|x64.Build.0 = Debug|Any CPU
		{82218BF8-E5B5-4F3B-84EE-AD040EFED1C0}.Debug|x86.ActiveCfg = Debug|Any CPU
		{82218BF8-E5B5-4F3B-84EE-AD040EFED1C0}.Debug|x86.Build.0 = Debug|Any CPU
		{82218BF8-E5B5-4F3B-84EE-AD040EFED1C0}.Release|Any CPU.ActiveCfg = Release|Any CPU
		{82218BF8-E5B5-4F3B-84EE-AD040EFED1C0}.Release|Any CPU.Build.0 = Release|Any CPU
		{82218BF8-E5B5-4F3B-84EE-AD040EFED1C0}.Release|x64.ActiveCfg = Release|Any CPU
		{82218BF8-E5B5-4F3B-84EE-AD040EFED1C0}.Release|x64.Build.0 = Release|Any CPU
		{82218BF8-E5B5-4F3B-84EE-AD040EFED1C0}.Release|x86.ActiveCfg = Release|Any CPU
		{82218BF8-E5B5-4F3B-84EE-AD040EFED1C0}.Release|x86.Build.0 = Release|Any CPU
		{3B882A36-B633-4483-AC9A-A06529369B02}.Debug|Any CPU.ActiveCfg = Debug|Any CPU
		{3B882A36-B633-4483-AC9A-A06529369B02}.Debug|Any CPU.Build.0 = Debug|Any CPU
		{3B882A36-B633-4483-AC9A-A06529369B02}.Debug|x64.ActiveCfg = Debug|Any CPU
		{3B882A36-B633-4483-AC9A-A06529369B02}.Debug|x64.Build.0 = Debug|Any CPU
		{3B882A36-B633-4483-AC9A-A06529369B02}.Debug|x86.ActiveCfg = Debug|Any CPU
		{3B882A36-B633-4483-AC9A-A06529369B02}.Debug|x86.Build.0 = Debug|Any CPU
		{3B882A36-B633-4483-AC9A-A06529369B02}.Release|Any CPU.ActiveCfg = Release|Any CPU
		{3B882A36-B633-4483-AC9A-A06529369B02}.Release|Any CPU.Build.0 = Release|Any CPU
		{3B882A36-B633-4483-AC9A-A06529369B02}.Release|x64.ActiveCfg = Release|Any CPU
		{3B882A36-B633-4483-AC9A-A06529369B02}.Release|x64.Build.0 = Release|Any CPU
		{3B882A36-B633-4483-AC9A-A06529369B02}.Release|x86.ActiveCfg = Release|Any CPU
		{3B882A36-B633-4483-AC9A-A06529369B02}.Release|x86.Build.0 = Release|Any CPU
		{77910F70-FCDF-4045-8DE4-79C3BF812BB4}.Debug|Any CPU.ActiveCfg = Debug|Any CPU
		{77910F70-FCDF-4045-8DE4-79C3BF812BB4}.Debug|Any CPU.Build.0 = Debug|Any CPU
		{77910F70-FCDF-4045-8DE4-79C3BF812BB4}.Debug|x64.ActiveCfg = Debug|Any CPU
		{77910F70-FCDF-4045-8DE4-79C3BF812BB4}.Debug|x64.Build.0 = Debug|Any CPU
		{77910F70-FCDF-4045-8DE4-79C3BF812BB4}.Debug|x86.ActiveCfg = Debug|Any CPU
		{77910F70-FCDF-4045-8DE4-79C3BF812BB4}.Debug|x86.Build.0 = Debug|Any CPU
		{77910F70-FCDF-4045-8DE4-79C3BF812BB4}.Release|Any CPU.ActiveCfg = Release|Any CPU
		{77910F70-FCDF-4045-8DE4-79C3BF812BB4}.Release|Any CPU.Build.0 = Release|Any CPU
		{77910F70-FCDF-4045-8DE4-79C3BF812BB4}.Release|x64.ActiveCfg = Release|Any CPU
		{77910F70-FCDF-4045-8DE4-79C3BF812BB4}.Release|x64.Build.0 = Release|Any CPU
		{77910F70-FCDF-4045-8DE4-79C3BF812BB4}.Release|x86.ActiveCfg = Release|Any CPU
		{77910F70-FCDF-4045-8DE4-79C3BF812BB4}.Release|x86.Build.0 = Release|Any CPU
		{FF2E3F4A-9389-44BE-8060-2C98C3D520DE}.Debug|Any CPU.ActiveCfg = Debug|Any CPU
		{FF2E3F4A-9389-44BE-8060-2C98C3D520DE}.Debug|Any CPU.Build.0 = Debug|Any CPU
		{FF2E3F4A-9389-44BE-8060-2C98C3D520DE}.Debug|x64.ActiveCfg = Debug|Any CPU
		{FF2E3F4A-9389-44BE-8060-2C98C3D520DE}.Debug|x64.Build.0 = Debug|Any CPU
		{FF2E3F4A-9389-44BE-8060-2C98C3D520DE}.Debug|x86.ActiveCfg = Debug|Any CPU
		{FF2E3F4A-9389-44BE-8060-2C98C3D520DE}.Debug|x86.Build.0 = Debug|Any CPU
		{FF2E3F4A-9389-44BE-8060-2C98C3D520DE}.Release|Any CPU.ActiveCfg = Release|Any CPU
		{FF2E3F4A-9389-44BE-8060-2C98C3D520DE}.Release|Any CPU.Build.0 = Release|Any CPU
		{FF2E3F4A-9389-44BE-8060-2C98C3D520DE}.Release|x64.ActiveCfg = Release|Any CPU
		{FF2E3F4A-9389-44BE-8060-2C98C3D520DE}.Release|x64.Build.0 = Release|Any CPU
		{FF2E3F4A-9389-44BE-8060-2C98C3D520DE}.Release|x86.ActiveCfg = Release|Any CPU
		{FF2E3F4A-9389-44BE-8060-2C98C3D520DE}.Release|x86.Build.0 = Release|Any CPU
		{99741306-74CB-44DB-A463-BDF072590B62}.Debug|Any CPU.ActiveCfg = Debug|Any CPU
		{99741306-74CB-44DB-A463-BDF072590B62}.Debug|Any CPU.Build.0 = Debug|Any CPU
		{99741306-74CB-44DB-A463-BDF072590B62}.Debug|x64.ActiveCfg = Debug|Any CPU
		{99741306-74CB-44DB-A463-BDF072590B62}.Debug|x64.Build.0 = Debug|Any CPU
		{99741306-74CB-44DB-A463-BDF072590B62}.Debug|x86.ActiveCfg = Debug|Any CPU
		{99741306-74CB-44DB-A463-BDF072590B62}.Debug|x86.Build.0 = Debug|Any CPU
		{99741306-74CB-44DB-A463-BDF072590B62}.Release|Any CPU.ActiveCfg = Release|Any CPU
		{99741306-74CB-44DB-A463-BDF072590B62}.Release|Any CPU.Build.0 = Release|Any CPU
		{99741306-74CB-44DB-A463-BDF072590B62}.Release|x64.ActiveCfg = Release|Any CPU
		{99741306-74CB-44DB-A463-BDF072590B62}.Release|x64.Build.0 = Release|Any CPU
		{99741306-74CB-44DB-A463-BDF072590B62}.Release|x86.ActiveCfg = Release|Any CPU
		{99741306-74CB-44DB-A463-BDF072590B62}.Release|x86.Build.0 = Release|Any CPU
	EndGlobalSection
	GlobalSection(SolutionProperties) = preSolution
		HideSolutionNode = FALSE
	EndGlobalSection
	GlobalSection(NestedProjects) = preSolution
		{4A08EA0E-D068-4EDA-8FF7-B8C013EF71CA} = {E8260938-6BFC-4535-829A-B11BF03EA7C1}
		{C4800D4C-B056-435A-AA34-6BC09D57C335} = {E8260938-6BFC-4535-829A-B11BF03EA7C1}
		{1926C25F-00EF-4C31-BBBD-8DB202B085D7} = {C4800D4C-B056-435A-AA34-6BC09D57C335}
		{B3CB9573-97EA-4E8A-A50C-EE3D1B2301A8} = {C4800D4C-B056-435A-AA34-6BC09D57C335}
		{813D07A4-9D80-4603-9108-BBE46D034B2D} = {B3CB9573-97EA-4E8A-A50C-EE3D1B2301A8}
		{7ACD6604-1F89-46F2-BED0-8120F96A8623} = {7B6820FE-6DDC-4ACC-B7A0-151DFFF66496}
		{CA014C3A-27EA-4B2B-A5DA-F274A4F25B87} = {7B6820FE-6DDC-4ACC-B7A0-151DFFF66496}
		{1F1E597F-132A-4CBD-ACB0-58181A57D8F7} = {B3CB9573-97EA-4E8A-A50C-EE3D1B2301A8}
		{771FF19E-932F-49C8-9AD0-662D3198452E} = {B3CB9573-97EA-4E8A-A50C-EE3D1B2301A8}
		{185054A0-E74A-4C41-B324-59BBA20922E5} = {B3CB9573-97EA-4E8A-A50C-EE3D1B2301A8}
		{2E7A0645-9500-4E40-B987-3A17FA747A12} = {2EC16E3E-7A1F-448F-B075-5E8A63172D49}
		{7E53A918-3DFE-41B7-B072-93B1EDCCA371} = {2EC16E3E-7A1F-448F-B075-5E8A63172D49}
		{EB81ED69-5B10-4F33-8282-B696CA493732} = {2EC16E3E-7A1F-448F-B075-5E8A63172D49}
		{64907FEB-0312-4189-8174-44BDBCC7A382} = {91356005-1596-466B-B7C3-E2CAEFD2133C}
		{7E95A5C1-AEED-4731-B312-7C110992B0E5} = {64907FEB-0312-4189-8174-44BDBCC7A382}
		{21BC52CA-6CE3-42EB-A36A-545B529D3765} = {64907FEB-0312-4189-8174-44BDBCC7A382}
		{351E4131-3C2A-4698-AE84-0C79A4A02A07} = {21BC52CA-6CE3-42EB-A36A-545B529D3765}
		{3B963951-C786-416A-9D4A-ADCF8EF940BF} = {21BC52CA-6CE3-42EB-A36A-545B529D3765}
		{C572848D-D81B-4EE8-9077-6E1FBC5C7478} = {3B963951-C786-416A-9D4A-ADCF8EF940BF}
		{36667938-0ACC-4BFC-8E21-03C27D8DA2E3} = {3B963951-C786-416A-9D4A-ADCF8EF940BF}
		{35F7985E-A00F-450E-9785-DEFD53091F0E} = {3B963951-C786-416A-9D4A-ADCF8EF940BF}
		{CFB74269-B14F-459A-AFA2-A396CE7007C4} = {3B963951-C786-416A-9D4A-ADCF8EF940BF}
		{968ABD48-A7F5-4226-A52B-5F96CA59240A} = {EB81ED69-5B10-4F33-8282-B696CA493732}
		{457899E3-2E02-4D77-9305-A65C80BB218F} = {2EC16E3E-7A1F-448F-B075-5E8A63172D49}
		{4633DC70-FF35-4A4C-AB81-CE4CF3FA105F} = {EB81ED69-5B10-4F33-8282-B696CA493732}
		{BB85F44D-403C-4BB7-9D22-EA57DD6CC158} = {21BC52CA-6CE3-42EB-A36A-545B529D3765}
		{82218BF8-E5B5-4F3B-84EE-AD040EFED1C0} = {3B963951-C786-416A-9D4A-ADCF8EF940BF}
		{3B882A36-B633-4483-AC9A-A06529369B02} = {EECDDB4C-C43E-4526-950C-B1263613463B}
		{77910F70-FCDF-4045-8DE4-79C3BF812BB4} = {BA49892F-5355-4103-9BBA-0B1BE9EBE1F7}
		{EECDDB4C-C43E-4526-950C-B1263613463B} = {64907FEB-0312-4189-8174-44BDBCC7A382}
		{BA49892F-5355-4103-9BBA-0B1BE9EBE1F7} = {EECDDB4C-C43E-4526-950C-B1263613463B}
		{FF2E3F4A-9389-44BE-8060-2C98C3D520DE} = {BA49892F-5355-4103-9BBA-0B1BE9EBE1F7}
		{99741306-74CB-44DB-A463-BDF072590B62} = {B3CB9573-97EA-4E8A-A50C-EE3D1B2301A8}
	EndGlobalSection
EndGlobal
