
Microsoft Visual Studio Solution File, Format Version 12.00
# Visual Studio Version 17
VisualStudioVersion = 17.11.35208.52
MinimumVisualStudioVersion = 10.0.40219.1
Project("{2150E333-8FDC-42A3-9474-1A3956D46DE8}") = "Configuration", "Configuration", "{3B884C84-A7ED-450C-BEC6-83D4988D23DA}"
EndProject
Project("{2150E333-8FDC-42A3-9474-1A3956D46DE8}") = "Telemetry", "Telemetry", "{99735841-4E6F-47B3-9A6E-80F5D547D6B2}"
EndProject
Project("{2150E333-8FDC-42A3-9474-1A3956D46DE8}") = "Cache", "Cache", "{1543C0DB-F4A4-4CF8-B41B-ED5C697237FE}"
EndProject
Project("{2150E333-8FDC-42A3-9474-1A3956D46DE8}") = "Messaging", "Messaging", "{757EA280-2EF2-48B0-8FC6-43C2B6A50931}"
EndProject
Project("{2150E333-8FDC-42A3-9474-1A3956D46DE8}") = "Notifications", "Notifications", "{ABB6FAB0-0EBD-42FF-A77F-40D736A79145}"
EndProject
Project("{2150E333-8FDC-42A3-9474-1A3956D46DE8}") = "Queues", "Queues", "{C5A46E79-3C01-4611-BFC6-8E9E062DAB80}"
EndProject
Project("{2150E333-8FDC-42A3-9474-1A3956D46DE8}") = "Topics", "Topics", "{9D61FEC5-2669-4C9F-9292-8BCFF51AE1C0}"
EndProject
Project("{2150E333-8FDC-42A3-9474-1A3956D46DE8}") = "Email", "Email", "{26041389-6760-406E-9410-F8CC064DC8DB}"
EndProject
Project("{2150E333-8FDC-42A3-9474-1A3956D46DE8}") = "SMS", "SMS", "{05BF6060-7F1A-4333-ACFD-F422EFE2DE33}"
EndProject
Project("{2150E333-8FDC-42A3-9474-1A3956D46DE8}") = "Push", "Push", "{A697E7AE-8648-4239-9FBC-D422AD512554}"
EndProject
Project("{9A19103F-16F7-4668-BE54-9A1E7A4F7556}") = "DPL.Ifx.Configuration.Contracts", "DPL.Ifx.Configuration.Contracts\DPL.Ifx.Configuration.Contracts.csproj", "{29DBE4F9-DDE0-4A43-BB44-774AEB3D1F43}"
EndProject
Project("{2150E333-8FDC-42A3-9474-1A3956D46DE8}") = "AWS", "AWS", "{76CB13AC-6B28-4556-80FD-2241D08B6126}"
EndProject
Project("{2150E333-8FDC-42A3-9474-1A3956D46DE8}") = "Azure", "Azure", "{2252D2A9-1CF2-403E-BFC0-D81A155AF2E6}"
EndProject
Project("{9A19103F-16F7-4668-BE54-9A1E7A4F7556}") = "DPL.Ifx.Configuration.AWS.AppConfig", "DPL.Ifx.Configuration.AWS.AppConfig\DPL.Ifx.Configuration.AWS.AppConfig.csproj", "{320E4715-B079-4ECC-939B-129A94FF763D}"
EndProject
Project("{9A19103F-16F7-4668-BE54-9A1E7A4F7556}") = "DPL.Ifx.Configuration.Azure.AppConfiguration", "DPL.Ifx.Configuration.Azure.AppConfiguration\DPL.Ifx.Configuration.Azure.AppConfiguration.csproj", "{3A1667EB-2B28-48C7-BBB6-2FE745E9A440}"
EndProject
Project("{9A19103F-16F7-4668-BE54-9A1E7A4F7556}") = "DPL.Ifx.Configuration.Tests", "DPL.Ifx.Configuration.Tests\DPL.Ifx.Configuration.Tests.csproj", "{FF1A2EE5-3BEC-40DF-90B0-B2FB007B40D1}"
EndProject
Project("{2150E333-8FDC-42A3-9474-1A3956D46DE8}") = "AWS", "AWS", "{791C0234-7085-4E6C-B259-449CD562B9ED}"
EndProject
Project("{2150E333-8FDC-42A3-9474-1A3956D46DE8}") = "Azure", "Azure", "{3F83993A-4A19-45E9-B36A-67D683453D5E}"
EndProject
Project("{9A19103F-16F7-4668-BE54-9A1E7A4F7556}") = "DPL.Ifx.Cache.Contracts", "DPL.Ifx.Cache.Contracts\DPL.Ifx.Cache.Contracts.csproj", "{5134A5B2-8B96-4BBD-9907-38181C8B238B}"
EndProject
Project("{2150E333-8FDC-42A3-9474-1A3956D46DE8}") = "Local", "Local", "{62D482CF-C02B-4FBE-9C23-74F801A8AE05}"
EndProject
Project("{9A19103F-16F7-4668-BE54-9A1E7A4F7556}") = "DPL.Ifx.Cache.Local.Memory", "DPL.Ifx.Cache.Local.Memory\DPL.Ifx.Cache.Local.Memory.csproj", "{BD69FFA1-7234-46F5-AD53-D94C41544B9D}"
EndProject
Project("{9A19103F-16F7-4668-BE54-9A1E7A4F7556}") = "DPL.Ifx.Cache.Local.File", "DPL.Ifx.Cache.Local.File\DPL.Ifx.Cache.Local.File.csproj", "{AC5F73C2-4407-4B45-896D-A08990FF5774}"
EndProject
Project("{9A19103F-16F7-4668-BE54-9A1E7A4F7556}") = "DPL.Ifx.Cache.Azure.Redis", "DPL.Ifx.Cache.Azure.Redis\DPL.Ifx.Cache.Azure.Redis.csproj", "{92CFA471-53C6-485F-BADF-844BC0DBC8AD}"
EndProject
Project("{9A19103F-16F7-4668-BE54-9A1E7A4F7556}") = "DPL.Ifx.Cache.AWS.Redis", "DPL.Ifx.Cache.AWS.Redis\DPL.Ifx.Cache.AWS.Redis.csproj", "{FC47B619-D583-4B78-A079-583E300E3B15}"
EndProject
Project("{9A19103F-16F7-4668-BE54-9A1E7A4F7556}") = "DPL.Ifx.Cache.Tests", "DPL.Ifx.Cache.Tests\DPL.Ifx.Cache.Tests.csproj", "{610759E5-631E-4A08-99E4-B82233065C59}"
EndProject
Project("{2150E333-8FDC-42A3-9474-1A3956D46DE8}") = "Logger", "Logger", "{EF1AB059-9B55-4CA0-8C07-AFD88DF9E0F5}"
EndProject
Project("{2150E333-8FDC-42A3-9474-1A3956D46DE8}") = "AWS", "AWS", "{69E453D4-B38D-440C-9D7A-13B159E78E64}"
EndProject
Project("{2150E333-8FDC-42A3-9474-1A3956D46DE8}") = "Azure", "Azure", "{6420502B-7A89-4839-9AEF-7AF3DE5BAE82}"
EndProject
Project("{2150E333-8FDC-42A3-9474-1A3956D46DE8}") = "Local", "Local", "{9E7E927D-373C-4B58-9A77-0D7650533F1A}"
EndProject
Project("{2150E333-8FDC-42A3-9474-1A3956D46DE8}") = "Azure", "Azure", "{E7F8B9DA-CD73-4970-96F9-D30C7A09BDC7}"
EndProject
Project("{2150E333-8FDC-42A3-9474-1A3956D46DE8}") = "Twilio", "Twilio", "{EFA493C2-903F-48EC-A613-FC562258EC2C}"
EndProject
Project("{2150E333-8FDC-42A3-9474-1A3956D46DE8}") = "Google", "Google", "{7F338D68-6E19-435F-A9D1-FC0D31B02100}"
EndProject
Project("{2150E333-8FDC-42A3-9474-1A3956D46DE8}") = "Apple", "Apple", "{8E5DC135-5264-421A-9643-432AE0E0D919}"
EndProject
Project("{2150E333-8FDC-42A3-9474-1A3956D46DE8}") = "Azure", "Azure", "{603D5A82-D6B6-4691-BAFF-6381961DC38B}"
EndProject
Project("{2150E333-8FDC-42A3-9474-1A3956D46DE8}") = "AWS", "AWS", "{0D615F55-C1E1-4359-8D05-7372C10C6271}"
EndProject
Project("{2150E333-8FDC-42A3-9474-1A3956D46DE8}") = "AWS", "AWS", "{526D5388-41E9-4B2D-8206-5E912980CD61}"
EndProject
Project("{2150E333-8FDC-42A3-9474-1A3956D46DE8}") = "Azure", "Azure", "{62C40F66-E74D-45A7-90F2-3D326684D1F4}"
EndProject
Project("{9A19103F-16F7-4668-BE54-9A1E7A4F7556}") = "DPL.Ifx.Messaging.Queues.Contracts", "DPL.Ifx.Messaging.Queues.Contracts\DPL.Ifx.Messaging.Queues.Contracts.csproj", "{76C48C4E-7D54-4109-9575-E01A08C2A037}"
EndProject
Project("{9A19103F-16F7-4668-BE54-9A1E7A4F7556}") = "DPL.Ifx.Messaging.Topics.Contracts", "DPL.Ifx.Messaging.Topics.Contracts\DPL.Ifx.Messaging.Topics.Contracts.csproj", "{52DDAFA4-0F17-4B64-97DC-9A8F1ED08EC9}"
EndProject
Project("{9A19103F-16F7-4668-BE54-9A1E7A4F7556}") = "DPL.Ifx.Messaging.Queues.AWS.SQS", "DPL.Ifx.Messaging.Queues.AWS.SQS\DPL.Ifx.Messaging.Queues.AWS.SQS.csproj", "{302E512D-1F94-4FB7-8992-1C909039CB23}"
EndProject
Project("{9A19103F-16F7-4668-BE54-9A1E7A4F7556}") = "DPL.Ifx.Messaging.Queues.Azure.Storage", "DPL.Ifx.Messaging.Queues.Azure.Storage\DPL.Ifx.Messaging.Queues.Azure.Storage.csproj", "{B77A7B37-DF02-4160-802D-22717279779F}"
EndProject
Project("{9A19103F-16F7-4668-BE54-9A1E7A4F7556}") = "DPL.Ifx.Messaging.Queues.Azure.ServiceBus", "DPL.Ifx.Messaging.Queues.Azure.ServiceBus\DPL.Ifx.Messaging.Queues.Azure.ServiceBus.csproj", "{E104E642-82CC-45E5-9DAA-803FF9115113}"
EndProject
Project("{9A19103F-16F7-4668-BE54-9A1E7A4F7556}") = "DPL.Ifx.Messaging.Topics.AWS.SNS", "DPL.Ifx.Messaging.Topics.AWS.SNS\DPL.Ifx.Messaging.Topics.AWS.SNS.csproj", "{96337633-02FB-487C-B83F-829C24A0A5D7}"
EndProject
Project("{9A19103F-16F7-4668-BE54-9A1E7A4F7556}") = "DPL.Ifx.Messaging.Topics.Azure.ServiceBus", "DPL.Ifx.Messaging.Topics.Azure.ServiceBus\DPL.Ifx.Messaging.Topics.Azure.ServiceBus.csproj", "{24CBFC1B-411F-41D0-B5ED-D2324B9DB701}"
EndProject
Project("{2150E333-8FDC-42A3-9474-1A3956D46DE8}") = "IoC", "IoC", "{E4676C33-C992-4F32-8757-AC4B80D12120}"
EndProject
Project("{FAE04EC0-301F-11D3-BF4B-00C04F79EFBC}") = "DPL.Ifx.IoC.Contracts", "DPL.Ifx.IoC.Contracts\DPL.Ifx.IoC.Contracts.csproj", "{D9A5CD72-7BC2-4A4D-AA59-A74C0A7D451C}"
EndProject
Project("{FAE04EC0-301F-11D3-BF4B-00C04F79EFBC}") = "DPL.Ifx.IoC.Autofac", "DPL.Ifx.IoC.Autofac\DPL.Ifx.IoC.Autofac.csproj", "{686870BC-F1ED-404B-957B-10B9FE23C77C}"
EndProject
Project("{FAE04EC0-301F-11D3-BF4B-00C04F79EFBC}") = "DPL.Ifx.IoC.Dotnet.ServiceCollection", "DPL.Ifx.IoC.Dotnet.ServiceCollection\DPL.Ifx.IoC.Dotnet.ServiceCollection.csproj", "{E3EFC896-3C2B-47EA-A326-12F8F96973DF}"
EndProject
Project("{FAE04EC0-301F-11D3-BF4B-00C04F79EFBC}") = "DPL.Ifx.IoC.Tests", "DPL.Ifx.IoC.Tests\DPL.Ifx.IoC.Tests.csproj", "{1F608864-4925-4984-88C3-D93F03DA5A53}"
EndProject
Project("{FAE04EC0-301F-11D3-BF4B-00C04F79EFBC}") = "DPL.Ifx.Notifications.Email.AWS.SES", "DPL.Ifx.Notifications.Email.AWS.SES\DPL.Ifx.Notifications.Email.AWS.SES.csproj", "{02703112-662B-4230-AE5F-4BAD2A9C4643}"
EndProject
Project("{FAE04EC0-301F-11D3-BF4B-00C04F79EFBC}") = "DPL.Ifx.Notifications.Email.Azure.ACS", "DPL.Ifx.Notifications.Email.Azure.ACS\DPL.Ifx.Notifications.Email.Azure.ACS.csproj", "{F6E089CD-A0DE-4418-BAFD-73F3F3360133}"
EndProject
Project("{FAE04EC0-301F-11D3-BF4B-00C04F79EFBC}") = "DPL.Ifx.Notifications.Email.SendGrid", "DPL.Ifx.Notifications.Email.SendGrid\DPL.Ifx.Notifications.Email.SendGrid.csproj", "{46CEE9D2-EBE0-4208-823D-AB6B57A6C119}"
EndProject
Project("{FAE04EC0-301F-11D3-BF4B-00C04F79EFBC}") = "DPL.Ifx.Notifications.Email.SMTP", "DPL.Ifx.Notifications.Email.SMTP\DPL.Ifx.Notifications.Email.SMTP.csproj", "{FA5DD062-3CFF-4569-B0DF-B86733EB9FA0}"
EndProject
Project("{FAE04EC0-301F-11D3-BF4B-00C04F79EFBC}") = "DPL.Ifx.Notifications.Email.Contracts", "DPL.Ifx.Notifications.Email.Contracts\DPL.Ifx.Notifications.Email.Contracts.csproj", "{C753C955-76EB-4FB0-900F-B84E2D283EE9}"
EndProject
Project("{2150E333-8FDC-42A3-9474-1A3956D46DE8}") = "AWS", "AWS", "{F4A24A12-3C45-470C-9057-735FE070E534}"
EndProject
Project("{2150E333-8FDC-42A3-9474-1A3956D46DE8}") = "Azure", "Azure", "{3C4CAD34-92CD-4B98-A2A4-10189DDAC270}"
EndProject
Project("{2150E333-8FDC-42A3-9474-1A3956D46DE8}") = "SendGrid", "SendGrid", "{34FA8CD3-6B79-45C7-9796-4EE559B92ACC}"
EndProject
Project("{2150E333-8FDC-42A3-9474-1A3956D46DE8}") = "SMTP", "SMTP", "{587F378E-CE2A-4C6D-92D3-52373D8BAC68}"
EndProject
Project("{FAE04EC0-301F-11D3-BF4B-00C04F79EFBC}") = "DPL.Ifx.Notifications.Email.Tests", "DPL.Ifx.Notifications.Email.Tests\DPL.Ifx.Notifications.Email.Tests.csproj", "{243AC8F5-002E-4721-B82F-1D154BD39B38}"
EndProject
Project("{FAE04EC0-301F-11D3-BF4B-00C04F79EFBC}") = "DPL.Ifx.Messaging.Queues.Tests", "DPL.Ifx.Messaging.Queues.Tests\DPL.Ifx.Messaging.Queues.Tests.csproj", "{38AB207F-33E6-4B40-8303-244A782031AC}"
EndProject
Project("{FAE04EC0-301F-11D3-BF4B-00C04F79EFBC}") = "DPL.Ifx.Messaging.Topics.Tests", "DPL.Ifx.Messaging.Topics.Tests\DPL.Ifx.Messaging.Topics.Tests.csproj", "{2901E0BC-2371-4150-8EDC-EC08AB0BDEA0}"
EndProject
Project("{FAE04EC0-301F-11D3-BF4B-00C04F79EFBC}") = "DPL.Ifx.Notifications.Push.Tests", "DPL.Ifx.Notifications.Push.Tests\DPL.Ifx.Notifications.Push.Tests.csproj", "{2B037C95-2229-450A-8393-C88D2CCEEA49}"
EndProject
Project("{FAE04EC0-301F-11D3-BF4B-00C04F79EFBC}") = "DPL.Ifx.Notifications.Push.Contracts", "DPL.Ifx.Notifications.Push.Contracts\DPL.Ifx.Notifications.Push.Contracts.csproj", "{1A79F8AA-2228-499A-B7BB-A47B261AA0C9}"
EndProject
Project("{FAE04EC0-301F-11D3-BF4B-00C04F79EFBC}") = "DPL.Ifx.Notifications.Push.Apple.APNS", "DPL.Ifx.Notifications.Push.Apple.APNS\DPL.Ifx.Notifications.Push.Apple.APNS.csproj", "{451BFE1F-6A4D-4699-BE18-6D0D7AAA7D51}"
EndProject
Project("{FAE04EC0-301F-11D3-BF4B-00C04F79EFBC}") = "DPL.Ifx.Notifications.Push.Google.GCM", "DPL.Ifx.Notifications.Push.Google.GCM\DPL.Ifx.Notifications.Push.Google.GCM.csproj", "{F771CE1C-AAE8-40F6-AF29-C11ECAE2434F}"
EndProject
Project("{FAE04EC0-301F-11D3-BF4B-00C04F79EFBC}") = "DPL.Ifx.Notifications.SMS.Azure.ACS", "DPL.Ifx.Notifications.SMS.Azure.ACS\DPL.Ifx.Notifications.SMS.Azure.ACS.csproj", "{4F669DA9-572B-4FDB-BA3D-6AACB983DC2F}"
EndProject
Project("{FAE04EC0-301F-11D3-BF4B-00C04F79EFBC}") = "DPL.Ifx.Notifications.SMS.Twilio", "DPL.Ifx.Notifications.SMS.Twilio\DPL.Ifx.Notifications.SMS.Twilio.csproj", "{45DF8906-F191-49E8-B866-8386FA7B04C5}"
EndProject
Project("{FAE04EC0-301F-11D3-BF4B-00C04F79EFBC}") = "DPL.Ifx.Telemetry.Logger.AWS.CloudWatch", "DPL.Ifx.Telemetry.Logger.AWS.CloudWatch\DPL.Ifx.Telemetry.Logger.AWS.CloudWatch.csproj", "{2CD4002D-70D2-477B-A671-5C017BAE7E6B}"
EndProject
Project("{FAE04EC0-301F-11D3-BF4B-00C04F79EFBC}") = "DPL.Ifx.Telemetry.Logger.Azure.ApplicationInsights", "DPL.Ifx.Telemetry.Logger.Azure.ApplicationInsights\DPL.Ifx.Telemetry.Logger.Azure.ApplicationInsights.csproj", "{3F3E1570-4EE1-4218-B5EA-B40A231CE26D}"
EndProject
Project("{FAE04EC0-301F-11D3-BF4B-00C04F79EFBC}") = "DPL.Ifx.Telemetry.Logger.Local.File", "DPL.Ifx.Telemetry.Logger.Local.File\DPL.Ifx.Telemetry.Logger.Local.File.csproj", "{38731ADE-274D-46EF-BB55-3E6CB05D2EB4}"
EndProject
Project("{FAE04EC0-301F-11D3-BF4B-00C04F79EFBC}") = "DPL.Ifx.Telemetry.Logger.Contracts", "DPL.Ifx.Telemetry.Logger.Contracts\DPL.Ifx.Telemetry.Logger.Contracts.csproj", "{51C154BE-0AC7-4226-B786-0BF5662D2561}"
EndProject
Project("{FAE04EC0-301F-11D3-BF4B-00C04F79EFBC}") = "DPL.Ifx.Telemetry.Logger.Tests", "DPL.Ifx.Telemetry.Logger.Tests\DPL.Ifx.Telemetry.Logger.Tests.csproj", "{D74AED02-F1F5-47FB-8AFE-BB769010DE84}"
EndProject
Project("{FAE04EC0-301F-11D3-BF4B-00C04F79EFBC}") = "DPL.Ifx.Notifications.SMS.Contracts", "DPL.Ifx.Notifications.SMS.Contracts\DPL.Ifx.Notifications.SMS.Contracts.csproj", "{C2721D02-5188-4257-AFC4-D5F71DA99777}"
EndProject
Project("{FAE04EC0-301F-11D3-BF4B-00C04F79EFBC}") = "DPL.Ifx.Notifications.SMS.Tests", "DPL.Ifx.Notifications.SMS.Tests\DPL.Ifx.Notifications.SMS.Tests.csproj", "{097B24BF-921A-4331-9570-62B3044BEB37}"
EndProject
Global
	GlobalSection(SolutionConfigurationPlatforms) = preSolution
		Debug|Any CPU = Debug|Any CPU
		Release|Any CPU = Release|Any CPU
	EndGlobalSection
	GlobalSection(ProjectConfigurationPlatforms) = postSolution
		{29DBE4F9-DDE0-4A43-BB44-774AEB3D1F43}.Debug|Any CPU.ActiveCfg = Debug|Any CPU
		{29DBE4F9-DDE0-4A43-BB44-774AEB3D1F43}.Debug|Any CPU.Build.0 = Debug|Any CPU
		{29DBE4F9-DDE0-4A43-BB44-774AEB3D1F43}.Release|Any CPU.ActiveCfg = Release|Any CPU
		{29DBE4F9-DDE0-4A43-BB44-774AEB3D1F43}.Release|Any CPU.Build.0 = Release|Any CPU
		{320E4715-B079-4ECC-939B-129A94FF763D}.Debug|Any CPU.ActiveCfg = Debug|Any CPU
		{320E4715-B079-4ECC-939B-129A94FF763D}.Debug|Any CPU.Build.0 = Debug|Any CPU
		{320E4715-B079-4ECC-939B-129A94FF763D}.Release|Any CPU.ActiveCfg = Release|Any CPU
		{320E4715-B079-4ECC-939B-129A94FF763D}.Release|Any CPU.Build.0 = Release|Any CPU
		{3A1667EB-2B28-48C7-BBB6-2FE745E9A440}.Debug|Any CPU.ActiveCfg = Debug|Any CPU
		{3A1667EB-2B28-48C7-BBB6-2FE745E9A440}.Debug|Any CPU.Build.0 = Debug|Any CPU
		{3A1667EB-2B28-48C7-BBB6-2FE745E9A440}.Release|Any CPU.ActiveCfg = Release|Any CPU
		{3A1667EB-2B28-48C7-BBB6-2FE745E9A440}.Release|Any CPU.Build.0 = Release|Any CPU
		{FF1A2EE5-3BEC-40DF-90B0-B2FB007B40D1}.Debug|Any CPU.ActiveCfg = Debug|Any CPU
		{FF1A2EE5-3BEC-40DF-90B0-B2FB007B40D1}.Debug|Any CPU.Build.0 = Debug|Any CPU
		{FF1A2EE5-3BEC-40DF-90B0-B2FB007B40D1}.Release|Any CPU.ActiveCfg = Release|Any CPU
		{FF1A2EE5-3BEC-40DF-90B0-B2FB007B40D1}.Release|Any CPU.Build.0 = Release|Any CPU
		{5134A5B2-8B96-4BBD-9907-38181C8B238B}.Debug|Any CPU.ActiveCfg = Debug|Any CPU
		{5134A5B2-8B96-4BBD-9907-38181C8B238B}.Debug|Any CPU.Build.0 = Debug|Any CPU
		{5134A5B2-8B96-4BBD-9907-38181C8B238B}.Release|Any CPU.ActiveCfg = Release|Any CPU
		{5134A5B2-8B96-4BBD-9907-38181C8B238B}.Release|Any CPU.Build.0 = Release|Any CPU
		{BD69FFA1-7234-46F5-AD53-D94C41544B9D}.Debug|Any CPU.ActiveCfg = Debug|Any CPU
		{BD69FFA1-7234-46F5-AD53-D94C41544B9D}.Debug|Any CPU.Build.0 = Debug|Any CPU
		{BD69FFA1-7234-46F5-AD53-D94C41544B9D}.Release|Any CPU.ActiveCfg = Release|Any CPU
		{BD69FFA1-7234-46F5-AD53-D94C41544B9D}.Release|Any CPU.Build.0 = Release|Any CPU
		{AC5F73C2-4407-4B45-896D-A08990FF5774}.Debug|Any CPU.ActiveCfg = Debug|Any CPU
		{AC5F73C2-4407-4B45-896D-A08990FF5774}.Debug|Any CPU.Build.0 = Debug|Any CPU
		{AC5F73C2-4407-4B45-896D-A08990FF5774}.Release|Any CPU.ActiveCfg = Release|Any CPU
		{AC5F73C2-4407-4B45-896D-A08990FF5774}.Release|Any CPU.Build.0 = Release|Any CPU
		{92CFA471-53C6-485F-BADF-844BC0DBC8AD}.Debug|Any CPU.ActiveCfg = Debug|Any CPU
		{92CFA471-53C6-485F-BADF-844BC0DBC8AD}.Debug|Any CPU.Build.0 = Debug|Any CPU
		{92CFA471-53C6-485F-BADF-844BC0DBC8AD}.Release|Any CPU.ActiveCfg = Release|Any CPU
		{92CFA471-53C6-485F-BADF-844BC0DBC8AD}.Release|Any CPU.Build.0 = Release|Any CPU
		{FC47B619-D583-4B78-A079-583E300E3B15}.Debug|Any CPU.ActiveCfg = Debug|Any CPU
		{FC47B619-D583-4B78-A079-583E300E3B15}.Debug|Any CPU.Build.0 = Debug|Any CPU
		{FC47B619-D583-4B78-A079-583E300E3B15}.Release|Any CPU.ActiveCfg = Release|Any CPU
		{FC47B619-D583-4B78-A079-583E300E3B15}.Release|Any CPU.Build.0 = Release|Any CPU
		{610759E5-631E-4A08-99E4-B82233065C59}.Debug|Any CPU.ActiveCfg = Debug|Any CPU
		{610759E5-631E-4A08-99E4-B82233065C59}.Debug|Any CPU.Build.0 = Debug|Any CPU
		{610759E5-631E-4A08-99E4-B82233065C59}.Release|Any CPU.ActiveCfg = Release|Any CPU
		{610759E5-631E-4A08-99E4-B82233065C59}.Release|Any CPU.Build.0 = Release|Any CPU
		{76C48C4E-7D54-4109-9575-E01A08C2A037}.Debug|Any CPU.ActiveCfg = Debug|Any CPU
		{76C48C4E-7D54-4109-9575-E01A08C2A037}.Debug|Any CPU.Build.0 = Debug|Any CPU
		{76C48C4E-7D54-4109-9575-E01A08C2A037}.Release|Any CPU.ActiveCfg = Release|Any CPU
		{76C48C4E-7D54-4109-9575-E01A08C2A037}.Release|Any CPU.Build.0 = Release|Any CPU
		{52DDAFA4-0F17-4B64-97DC-9A8F1ED08EC9}.Debug|Any CPU.ActiveCfg = Debug|Any CPU
		{52DDAFA4-0F17-4B64-97DC-9A8F1ED08EC9}.Debug|Any CPU.Build.0 = Debug|Any CPU
		{52DDAFA4-0F17-4B64-97DC-9A8F1ED08EC9}.Release|Any CPU.ActiveCfg = Release|Any CPU
		{52DDAFA4-0F17-4B64-97DC-9A8F1ED08EC9}.Release|Any CPU.Build.0 = Release|Any CPU
		{302E512D-1F94-4FB7-8992-1C909039CB23}.Debug|Any CPU.ActiveCfg = Debug|Any CPU
		{302E512D-1F94-4FB7-8992-1C909039CB23}.Debug|Any CPU.Build.0 = Debug|Any CPU
		{302E512D-1F94-4FB7-8992-1C909039CB23}.Release|Any CPU.ActiveCfg = Release|Any CPU
		{302E512D-1F94-4FB7-8992-1C909039CB23}.Release|Any CPU.Build.0 = Release|Any CPU
		{B77A7B37-DF02-4160-802D-22717279779F}.Debug|Any CPU.ActiveCfg = Debug|Any CPU
		{B77A7B37-DF02-4160-802D-22717279779F}.Debug|Any CPU.Build.0 = Debug|Any CPU
		{B77A7B37-DF02-4160-802D-22717279779F}.Release|Any CPU.ActiveCfg = Release|Any CPU
		{B77A7B37-DF02-4160-802D-22717279779F}.Release|Any CPU.Build.0 = Release|Any CPU
		{E104E642-82CC-45E5-9DAA-803FF9115113}.Debug|Any CPU.ActiveCfg = Debug|Any CPU
		{E104E642-82CC-45E5-9DAA-803FF9115113}.Debug|Any CPU.Build.0 = Debug|Any CPU
		{E104E642-82CC-45E5-9DAA-803FF9115113}.Release|Any CPU.ActiveCfg = Release|Any CPU
		{E104E642-82CC-45E5-9DAA-803FF9115113}.Release|Any CPU.Build.0 = Release|Any CPU
		{96337633-02FB-487C-B83F-829C24A0A5D7}.Debug|Any CPU.ActiveCfg = Debug|Any CPU
		{96337633-02FB-487C-B83F-829C24A0A5D7}.Debug|Any CPU.Build.0 = Debug|Any CPU
		{96337633-02FB-487C-B83F-829C24A0A5D7}.Release|Any CPU.ActiveCfg = Release|Any CPU
		{96337633-02FB-487C-B83F-829C24A0A5D7}.Release|Any CPU.Build.0 = Release|Any CPU
		{24CBFC1B-411F-41D0-B5ED-D2324B9DB701}.Debug|Any CPU.ActiveCfg = Debug|Any CPU
		{24CBFC1B-411F-41D0-B5ED-D2324B9DB701}.Debug|Any CPU.Build.0 = Debug|Any CPU
		{24CBFC1B-411F-41D0-B5ED-D2324B9DB701}.Release|Any CPU.ActiveCfg = Release|Any CPU
		{24CBFC1B-411F-41D0-B5ED-D2324B9DB701}.Release|Any CPU.Build.0 = Release|Any CPU
		{D9A5CD72-7BC2-4A4D-AA59-A74C0A7D451C}.Debug|Any CPU.ActiveCfg = Debug|Any CPU
		{D9A5CD72-7BC2-4A4D-AA59-A74C0A7D451C}.Debug|Any CPU.Build.0 = Debug|Any CPU
		{D9A5CD72-7BC2-4A4D-AA59-A74C0A7D451C}.Release|Any CPU.ActiveCfg = Release|Any CPU
		{D9A5CD72-7BC2-4A4D-AA59-A74C0A7D451C}.Release|Any CPU.Build.0 = Release|Any CPU
		{686870BC-F1ED-404B-957B-10B9FE23C77C}.Debug|Any CPU.ActiveCfg = Debug|Any CPU
		{686870BC-F1ED-404B-957B-10B9FE23C77C}.Debug|Any CPU.Build.0 = Debug|Any CPU
		{686870BC-F1ED-404B-957B-10B9FE23C77C}.Release|Any CPU.ActiveCfg = Release|Any CPU
		{686870BC-F1ED-404B-957B-10B9FE23C77C}.Release|Any CPU.Build.0 = Release|Any CPU
		{E3EFC896-3C2B-47EA-A326-12F8F96973DF}.Debug|Any CPU.ActiveCfg = Debug|Any CPU
		{E3EFC896-3C2B-47EA-A326-12F8F96973DF}.Debug|Any CPU.Build.0 = Debug|Any CPU
		{E3EFC896-3C2B-47EA-A326-12F8F96973DF}.Release|Any CPU.ActiveCfg = Release|Any CPU
		{E3EFC896-3C2B-47EA-A326-12F8F96973DF}.Release|Any CPU.Build.0 = Release|Any CPU
		{1F608864-4925-4984-88C3-D93F03DA5A53}.Debug|Any CPU.ActiveCfg = Debug|Any CPU
		{1F608864-4925-4984-88C3-D93F03DA5A53}.Debug|Any CPU.Build.0 = Debug|Any CPU
		{1F608864-4925-4984-88C3-D93F03DA5A53}.Release|Any CPU.ActiveCfg = Release|Any CPU
		{1F608864-4925-4984-88C3-D93F03DA5A53}.Release|Any CPU.Build.0 = Release|Any CPU
		{02703112-662B-4230-AE5F-4BAD2A9C4643}.Debug|Any CPU.ActiveCfg = Debug|Any CPU
		{02703112-662B-4230-AE5F-4BAD2A9C4643}.Debug|Any CPU.Build.0 = Debug|Any CPU
		{02703112-662B-4230-AE5F-4BAD2A9C4643}.Release|Any CPU.ActiveCfg = Release|Any CPU
		{02703112-662B-4230-AE5F-4BAD2A9C4643}.Release|Any CPU.Build.0 = Release|Any CPU
		{F6E089CD-A0DE-4418-BAFD-73F3F3360133}.Debug|Any CPU.ActiveCfg = Debug|Any CPU
		{F6E089CD-A0DE-4418-BAFD-73F3F3360133}.Debug|Any CPU.Build.0 = Debug|Any CPU
		{F6E089CD-A0DE-4418-BAFD-73F3F3360133}.Release|Any CPU.ActiveCfg = Release|Any CPU
		{F6E089CD-A0DE-4418-BAFD-73F3F3360133}.Release|Any CPU.Build.0 = Release|Any CPU
		{46CEE9D2-EBE0-4208-823D-AB6B57A6C119}.Debug|Any CPU.ActiveCfg = Debug|Any CPU
		{46CEE9D2-EBE0-4208-823D-AB6B57A6C119}.Debug|Any CPU.Build.0 = Debug|Any CPU
		{46CEE9D2-EBE0-4208-823D-AB6B57A6C119}.Release|Any CPU.ActiveCfg = Release|Any CPU
		{46CEE9D2-EBE0-4208-823D-AB6B57A6C119}.Release|Any CPU.Build.0 = Release|Any CPU
		{FA5DD062-3CFF-4569-B0DF-B86733EB9FA0}.Debug|Any CPU.ActiveCfg = Debug|Any CPU
		{FA5DD062-3CFF-4569-B0DF-B86733EB9FA0}.Debug|Any CPU.Build.0 = Debug|Any CPU
		{FA5DD062-3CFF-4569-B0DF-B86733EB9FA0}.Release|Any CPU.ActiveCfg = Release|Any CPU
		{FA5DD062-3CFF-4569-B0DF-B86733EB9FA0}.Release|Any CPU.Build.0 = Release|Any CPU
		{C753C955-76EB-4FB0-900F-B84E2D283EE9}.Debug|Any CPU.ActiveCfg = Debug|Any CPU
		{C753C955-76EB-4FB0-900F-B84E2D283EE9}.Debug|Any CPU.Build.0 = Debug|Any CPU
		{C753C955-76EB-4FB0-900F-B84E2D283EE9}.Release|Any CPU.ActiveCfg = Release|Any CPU
		{C753C955-76EB-4FB0-900F-B84E2D283EE9}.Release|Any CPU.Build.0 = Release|Any CPU
		{243AC8F5-002E-4721-B82F-1D154BD39B38}.Debug|Any CPU.ActiveCfg = Debug|Any CPU
		{243AC8F5-002E-4721-B82F-1D154BD39B38}.Debug|Any CPU.Build.0 = Debug|Any CPU
		{243AC8F5-002E-4721-B82F-1D154BD39B38}.Release|Any CPU.ActiveCfg = Release|Any CPU
		{243AC8F5-002E-4721-B82F-1D154BD39B38}.Release|Any CPU.Build.0 = Release|Any CPU
		{38AB207F-33E6-4B40-8303-244A782031AC}.Debug|Any CPU.ActiveCfg = Debug|Any CPU
		{38AB207F-33E6-4B40-8303-244A782031AC}.Debug|Any CPU.Build.0 = Debug|Any CPU
		{38AB207F-33E6-4B40-8303-244A782031AC}.Release|Any CPU.ActiveCfg = Release|Any CPU
		{38AB207F-33E6-4B40-8303-244A782031AC}.Release|Any CPU.Build.0 = Release|Any CPU
		{2901E0BC-2371-4150-8EDC-EC08AB0BDEA0}.Debug|Any CPU.ActiveCfg = Debug|Any CPU
		{2901E0BC-2371-4150-8EDC-EC08AB0BDEA0}.Debug|Any CPU.Build.0 = Debug|Any CPU
		{2901E0BC-2371-4150-8EDC-EC08AB0BDEA0}.Release|Any CPU.ActiveCfg = Release|Any CPU
		{2901E0BC-2371-4150-8EDC-EC08AB0BDEA0}.Release|Any CPU.Build.0 = Release|Any CPU
		{2B037C95-2229-450A-8393-C88D2CCEEA49}.Debug|Any CPU.ActiveCfg = Debug|Any CPU
		{2B037C95-2229-450A-8393-C88D2CCEEA49}.Debug|Any CPU.Build.0 = Debug|Any CPU
		{2B037C95-2229-450A-8393-C88D2CCEEA49}.Release|Any CPU.ActiveCfg = Release|Any CPU
		{2B037C95-2229-450A-8393-C88D2CCEEA49}.Release|Any CPU.Build.0 = Release|Any CPU
		{1A79F8AA-2228-499A-B7BB-A47B261AA0C9}.Debug|Any CPU.ActiveCfg = Debug|Any CPU
		{1A79F8AA-2228-499A-B7BB-A47B261AA0C9}.Debug|Any CPU.Build.0 = Debug|Any CPU
		{1A79F8AA-2228-499A-B7BB-A47B261AA0C9}.Release|Any CPU.ActiveCfg = Release|Any CPU
		{1A79F8AA-2228-499A-B7BB-A47B261AA0C9}.Release|Any CPU.Build.0 = Release|Any CPU
		{451BFE1F-6A4D-4699-BE18-6D0D7AAA7D51}.Debug|Any CPU.ActiveCfg = Debug|Any CPU
		{451BFE1F-6A4D-4699-BE18-6D0D7AAA7D51}.Debug|Any CPU.Build.0 = Debug|Any CPU
		{451BFE1F-6A4D-4699-BE18-6D0D7AAA7D51}.Release|Any CPU.ActiveCfg = Release|Any CPU
		{451BFE1F-6A4D-4699-BE18-6D0D7AAA7D51}.Release|Any CPU.Build.0 = Release|Any CPU
		{F771CE1C-AAE8-40F6-AF29-C11ECAE2434F}.Debug|Any CPU.ActiveCfg = Debug|Any CPU
		{F771CE1C-AAE8-40F6-AF29-C11ECAE2434F}.Debug|Any CPU.Build.0 = Debug|Any CPU
		{F771CE1C-AAE8-40F6-AF29-C11ECAE2434F}.Release|Any CPU.ActiveCfg = Release|Any CPU
		{F771CE1C-AAE8-40F6-AF29-C11ECAE2434F}.Release|Any CPU.Build.0 = Release|Any CPU
		{4F669DA9-572B-4FDB-BA3D-6AACB983DC2F}.Debug|Any CPU.ActiveCfg = Debug|Any CPU
		{4F669DA9-572B-4FDB-BA3D-6AACB983DC2F}.Debug|Any CPU.Build.0 = Debug|Any CPU
		{4F669DA9-572B-4FDB-BA3D-6AACB983DC2F}.Release|Any CPU.ActiveCfg = Release|Any CPU
		{4F669DA9-572B-4FDB-BA3D-6AACB983DC2F}.Release|Any CPU.Build.0 = Release|Any CPU
		{45DF8906-F191-49E8-B866-8386FA7B04C5}.Debug|Any CPU.ActiveCfg = Debug|Any CPU
		{45DF8906-F191-49E8-B866-8386FA7B04C5}.Debug|Any CPU.Build.0 = Debug|Any CPU
		{45DF8906-F191-49E8-B866-8386FA7B04C5}.Release|Any CPU.ActiveCfg = Release|Any CPU
		{45DF8906-F191-49E8-B866-8386FA7B04C5}.Release|Any CPU.Build.0 = Release|Any CPU
		{2CD4002D-70D2-477B-A671-5C017BAE7E6B}.Debug|Any CPU.ActiveCfg = Debug|Any CPU
		{2CD4002D-70D2-477B-A671-5C017BAE7E6B}.Debug|Any CPU.Build.0 = Debug|Any CPU
		{2CD4002D-70D2-477B-A671-5C017BAE7E6B}.Release|Any CPU.ActiveCfg = Release|Any CPU
		{2CD4002D-70D2-477B-A671-5C017BAE7E6B}.Release|Any CPU.Build.0 = Release|Any CPU
		{3F3E1570-4EE1-4218-B5EA-B40A231CE26D}.Debug|Any CPU.ActiveCfg = Debug|Any CPU
		{3F3E1570-4EE1-4218-B5EA-B40A231CE26D}.Debug|Any CPU.Build.0 = Debug|Any CPU
		{3F3E1570-4EE1-4218-B5EA-B40A231CE26D}.Release|Any CPU.ActiveCfg = Release|Any CPU
		{3F3E1570-4EE1-4218-B5EA-B40A231CE26D}.Release|Any CPU.Build.0 = Release|Any CPU
		{38731ADE-274D-46EF-BB55-3E6CB05D2EB4}.Debug|Any CPU.ActiveCfg = Debug|Any CPU
		{38731ADE-274D-46EF-BB55-3E6CB05D2EB4}.Debug|Any CPU.Build.0 = Debug|Any CPU
		{38731ADE-274D-46EF-BB55-3E6CB05D2EB4}.Release|Any CPU.ActiveCfg = Release|Any CPU
		{38731ADE-274D-46EF-BB55-3E6CB05D2EB4}.Release|Any CPU.Build.0 = Release|Any CPU
		{51C154BE-0AC7-4226-B786-0BF5662D2561}.Debug|Any CPU.ActiveCfg = Debug|Any CPU
		{51C154BE-0AC7-4226-B786-0BF5662D2561}.Debug|Any CPU.Build.0 = Debug|Any CPU
		{51C154BE-0AC7-4226-B786-0BF5662D2561}.Release|Any CPU.ActiveCfg = Release|Any CPU
		{51C154BE-0AC7-4226-B786-0BF5662D2561}.Release|Any CPU.Build.0 = Release|Any CPU
		{D74AED02-F1F5-47FB-8AFE-BB769010DE84}.Debug|Any CPU.ActiveCfg = Debug|Any CPU
		{D74AED02-F1F5-47FB-8AFE-BB769010DE84}.Debug|Any CPU.Build.0 = Debug|Any CPU
		{D74AED02-F1F5-47FB-8AFE-BB769010DE84}.Release|Any CPU.ActiveCfg = Release|Any CPU
		{D74AED02-F1F5-47FB-8AFE-BB769010DE84}.Release|Any CPU.Build.0 = Release|Any CPU
		{C2721D02-5188-4257-AFC4-D5F71DA99777}.Debug|Any CPU.ActiveCfg = Debug|Any CPU
		{C2721D02-5188-4257-AFC4-D5F71DA99777}.Debug|Any CPU.Build.0 = Debug|Any CPU
		{C2721D02-5188-4257-AFC4-D5F71DA99777}.Release|Any CPU.ActiveCfg = Release|Any CPU
		{C2721D02-5188-4257-AFC4-D5F71DA99777}.Release|Any CPU.Build.0 = Release|Any CPU
		{097B24BF-921A-4331-9570-62B3044BEB37}.Debug|Any CPU.ActiveCfg = Debug|Any CPU
		{097B24BF-921A-4331-9570-62B3044BEB37}.Debug|Any CPU.Build.0 = Debug|Any CPU
		{097B24BF-921A-4331-9570-62B3044BEB37}.Release|Any CPU.ActiveCfg = Release|Any CPU
		{097B24BF-921A-4331-9570-62B3044BEB37}.Release|Any CPU.Build.0 = Release|Any CPU
	EndGlobalSection
	GlobalSection(SolutionProperties) = preSolution
		HideSolutionNode = FALSE
	EndGlobalSection
	GlobalSection(NestedProjects) = preSolution
		{C5A46E79-3C01-4611-BFC6-8E9E062DAB80} = {757EA280-2EF2-48B0-8FC6-43C2B6A50931}
		{9D61FEC5-2669-4C9F-9292-8BCFF51AE1C0} = {757EA280-2EF2-48B0-8FC6-43C2B6A50931}
		{26041389-6760-406E-9410-F8CC064DC8DB} = {ABB6FAB0-0EBD-42FF-A77F-40D736A79145}
		{05BF6060-7F1A-4333-ACFD-F422EFE2DE33} = {ABB6FAB0-0EBD-42FF-A77F-40D736A79145}
		{A697E7AE-8648-4239-9FBC-D422AD512554} = {ABB6FAB0-0EBD-42FF-A77F-40D736A79145}
		{29DBE4F9-DDE0-4A43-BB44-774AEB3D1F43} = {3B884C84-A7ED-450C-BEC6-83D4988D23DA}
		{76CB13AC-6B28-4556-80FD-2241D08B6126} = {3B884C84-A7ED-450C-BEC6-83D4988D23DA}
		{2252D2A9-1CF2-403E-BFC0-D81A155AF2E6} = {3B884C84-A7ED-450C-BEC6-83D4988D23DA}
		{320E4715-B079-4ECC-939B-129A94FF763D} = {76CB13AC-6B28-4556-80FD-2241D08B6126}
		{3A1667EB-2B28-48C7-BBB6-2FE745E9A440} = {2252D2A9-1CF2-403E-BFC0-D81A155AF2E6}
		{FF1A2EE5-3BEC-40DF-90B0-B2FB007B40D1} = {3B884C84-A7ED-450C-BEC6-83D4988D23DA}
		{791C0234-7085-4E6C-B259-449CD562B9ED} = {1543C0DB-F4A4-4CF8-B41B-ED5C697237FE}
		{3F83993A-4A19-45E9-B36A-67D683453D5E} = {1543C0DB-F4A4-4CF8-B41B-ED5C697237FE}
		{5134A5B2-8B96-4BBD-9907-38181C8B238B} = {1543C0DB-F4A4-4CF8-B41B-ED5C697237FE}
		{62D482CF-C02B-4FBE-9C23-74F801A8AE05} = {1543C0DB-F4A4-4CF8-B41B-ED5C697237FE}
		{BD69FFA1-7234-46F5-AD53-D94C41544B9D} = {62D482CF-C02B-4FBE-9C23-74F801A8AE05}
		{AC5F73C2-4407-4B45-896D-A08990FF5774} = {62D482CF-C02B-4FBE-9C23-74F801A8AE05}
		{92CFA471-53C6-485F-BADF-844BC0DBC8AD} = {3F83993A-4A19-45E9-B36A-67D683453D5E}
		{FC47B619-D583-4B78-A079-583E300E3B15} = {791C0234-7085-4E6C-B259-449CD562B9ED}
		{610759E5-631E-4A08-99E4-B82233065C59} = {1543C0DB-F4A4-4CF8-B41B-ED5C697237FE}
		{EF1AB059-9B55-4CA0-8C07-AFD88DF9E0F5} = {99735841-4E6F-47B3-9A6E-80F5D547D6B2}
		{69E453D4-B38D-440C-9D7A-13B159E78E64} = {EF1AB059-9B55-4CA0-8C07-AFD88DF9E0F5}
		{6420502B-7A89-4839-9AEF-7AF3DE5BAE82} = {EF1AB059-9B55-4CA0-8C07-AFD88DF9E0F5}
		{9E7E927D-373C-4B58-9A77-0D7650533F1A} = {EF1AB059-9B55-4CA0-8C07-AFD88DF9E0F5}
		{E7F8B9DA-CD73-4970-96F9-D30C7A09BDC7} = {05BF6060-7F1A-4333-ACFD-F422EFE2DE33}
		{EFA493C2-903F-48EC-A613-FC562258EC2C} = {05BF6060-7F1A-4333-ACFD-F422EFE2DE33}
		{7F338D68-6E19-435F-A9D1-FC0D31B02100} = {A697E7AE-8648-4239-9FBC-D422AD512554}
		{8E5DC135-5264-421A-9643-432AE0E0D919} = {A697E7AE-8648-4239-9FBC-D422AD512554}
		{603D5A82-D6B6-4691-BAFF-6381961DC38B} = {C5A46E79-3C01-4611-BFC6-8E9E062DAB80}
		{0D615F55-C1E1-4359-8D05-7372C10C6271} = {C5A46E79-3C01-4611-BFC6-8E9E062DAB80}
		{526D5388-41E9-4B2D-8206-5E912980CD61} = {9D61FEC5-2669-4C9F-9292-8BCFF51AE1C0}
		{62C40F66-E74D-45A7-90F2-3D326684D1F4} = {9D61FEC5-2669-4C9F-9292-8BCFF51AE1C0}
		{76C48C4E-7D54-4109-9575-E01A08C2A037} = {C5A46E79-3C01-4611-BFC6-8E9E062DAB80}
		{52DDAFA4-0F17-4B64-97DC-9A8F1ED08EC9} = {9D61FEC5-2669-4C9F-9292-8BCFF51AE1C0}
		{302E512D-1F94-4FB7-8992-1C909039CB23} = {0D615F55-C1E1-4359-8D05-7372C10C6271}
		{B77A7B37-DF02-4160-802D-22717279779F} = {603D5A82-D6B6-4691-BAFF-6381961DC38B}
		{E104E642-82CC-45E5-9DAA-803FF9115113} = {603D5A82-D6B6-4691-BAFF-6381961DC38B}
		{96337633-02FB-487C-B83F-829C24A0A5D7} = {526D5388-41E9-4B2D-8206-5E912980CD61}
		{24CBFC1B-411F-41D0-B5ED-D2324B9DB701} = {62C40F66-E74D-45A7-90F2-3D326684D1F4}
		{D9A5CD72-7BC2-4A4D-AA59-A74C0A7D451C} = {E4676C33-C992-4F32-8757-AC4B80D12120}
		{686870BC-F1ED-404B-957B-10B9FE23C77C} = {E4676C33-C992-4F32-8757-AC4B80D12120}
		{E3EFC896-3C2B-47EA-A326-12F8F96973DF} = {E4676C33-C992-4F32-8757-AC4B80D12120}
		{1F608864-4925-4984-88C3-D93F03DA5A53} = {E4676C33-C992-4F32-8757-AC4B80D12120}
		{02703112-662B-4230-AE5F-4BAD2A9C4643} = {F4A24A12-3C45-470C-9057-735FE070E534}
		{F6E089CD-A0DE-4418-BAFD-73F3F3360133} = {3C4CAD34-92CD-4B98-A2A4-10189DDAC270}
		{46CEE9D2-EBE0-4208-823D-AB6B57A6C119} = {34FA8CD3-6B79-45C7-9796-4EE559B92ACC}
		{FA5DD062-3CFF-4569-B0DF-B86733EB9FA0} = {587F378E-CE2A-4C6D-92D3-52373D8BAC68}
		{C753C955-76EB-4FB0-900F-B84E2D283EE9} = {26041389-6760-406E-9410-F8CC064DC8DB}
		{F4A24A12-3C45-470C-9057-735FE070E534} = {26041389-6760-406E-9410-F8CC064DC8DB}
		{3C4CAD34-92CD-4B98-A2A4-10189DDAC270} = {26041389-6760-406E-9410-F8CC064DC8DB}
		{34FA8CD3-6B79-45C7-9796-4EE559B92ACC} = {26041389-6760-406E-9410-F8CC064DC8DB}
		{587F378E-CE2A-4C6D-92D3-52373D8BAC68} = {26041389-6760-406E-9410-F8CC064DC8DB}
		{243AC8F5-002E-4721-B82F-1D154BD39B38} = {26041389-6760-406E-9410-F8CC064DC8DB}
		{38AB207F-33E6-4B40-8303-244A782031AC} = {C5A46E79-3C01-4611-BFC6-8E9E062DAB80}
		{2901E0BC-2371-4150-8EDC-EC08AB0BDEA0} = {9D61FEC5-2669-4C9F-9292-8BCFF51AE1C0}
		{2B037C95-2229-450A-8393-C88D2CCEEA49} = {A697E7AE-8648-4239-9FBC-D422AD512554}
		{1A79F8AA-2228-499A-B7BB-A47B261AA0C9} = {A697E7AE-8648-4239-9FBC-D422AD512554}
		{451BFE1F-6A4D-4699-BE18-6D0D7AAA7D51} = {8E5DC135-5264-421A-9643-432AE0E0D919}
		{F771CE1C-AAE8-40F6-AF29-C11ECAE2434F} = {7F338D68-6E19-435F-A9D1-FC0D31B02100}
		{4F669DA9-572B-4FDB-BA3D-6AACB983DC2F} = {E7F8B9DA-CD73-4970-96F9-D30C7A09BDC7}
		{45DF8906-F191-49E8-B866-8386FA7B04C5} = {EFA493C2-903F-48EC-A613-FC562258EC2C}
		{2CD4002D-70D2-477B-A671-5C017BAE7E6B} = {69E453D4-B38D-440C-9D7A-13B159E78E64}
		{3F3E1570-4EE1-4218-B5EA-B40A231CE26D} = {6420502B-7A89-4839-9AEF-7AF3DE5BAE82}
		{38731ADE-274D-46EF-BB55-3E6CB05D2EB4} = {9E7E927D-373C-4B58-9A77-0D7650533F1A}
		{51C154BE-0AC7-4226-B786-0BF5662D2561} = {EF1AB059-9B55-4CA0-8C07-AFD88DF9E0F5}
		{D74AED02-F1F5-47FB-8AFE-BB769010DE84} = {EF1AB059-9B55-4CA0-8C07-AFD88DF9E0F5}
		{C2721D02-5188-4257-AFC4-D5F71DA99777} = {05BF6060-7F1A-4333-ACFD-F422EFE2DE33}
		{097B24BF-921A-4331-9570-62B3044BEB37} = {05BF6060-7F1A-4333-ACFD-F422EFE2DE33}
	EndGlobalSection
	GlobalSection(ExtensibilityGlobals) = postSolution
		SolutionGuid = {AE0B04AC-98F1-4FF8-A62A-2D5210511690}
	EndGlobalSection
EndGlobal
